// !$*UTF8*$!
{
	archiveVersion = 1;
	classes = {
	};
	objectVersion = 56;
	objects = {

/* Begin PBXBuildFile section */
		CA2E62162BA2669100872E06 /* AppDelegate.swift in Sources */ = {isa = PBXBuildFile; fileRef = CA2E62152BA2669100872E06 /* AppDelegate.swift */; };
		CA2E62182BA2669100872E06 /* SceneDelegate.swift in Sources */ = {isa = PBXBuildFile; fileRef = CA2E62172BA2669100872E06 /* SceneDelegate.swift */; };
		CA2E621A2BA2669100872E06 /* ViewController.swift in Sources */ = {isa = PBXBuildFile; fileRef = CA2E62192BA2669100872E06 /* ViewController.swift */; };
		CA2E621D2BA2669100872E06 /* Base in Resources */ = {isa = PBXBuildFile; fileRef = CA2E621C2BA2669100872E06 /* Base */; };
		CA2E621F2BA2669200872E06 /* Assets.xcassets in Resources */ = {isa = PBXBuildFile; fileRef = CA2E621E2BA2669200872E06 /* Assets.xcassets */; };
		CA2E62222BA2669200872E06 /* Base in Resources */ = {isa = PBXBuildFile; fileRef = CA2E62212BA2669200872E06 /* Base */; };
		CA2E622A2BA267A800872E06 /* girl.png in Resources */ = {isa = PBXBuildFile; fileRef = CA2E62292BA267A800872E06 /* girl.png */; };
		CA44A7A92BA26A0500978394 /* ExpandedCell.swift in Sources */ = {isa = PBXBuildFile; fileRef = CA44A7A82BA26A0500978394 /* ExpandedCell.swift */; };
		CA44A7AB2BA2715300978394 /* ExpandedCellModel.swift in Sources */ = {isa = PBXBuildFile; fileRef = CA44A7AA2BA2715300978394 /* ExpandedCellModel.swift */; };
/* End PBXBuildFile section */

/* Begin PBXFileReference section */
		CA2E62122BA2669100872E06 /* ExpandedCell.app */ = {isa = PBXFileReference; explicitFileType = wrapper.application; includeInIndex = 0; path = ExpandedCell.app; sourceTree = BUILT_PRODUCTS_DIR; };
		CA2E62152BA2669100872E06 /* AppDelegate.swift */ = {isa = PBXFileReference; lastKnownFileType = sourcecode.swift; path = AppDelegate.swift; sourceTree = "<group>"; };
		CA2E62172BA2669100872E06 /* SceneDelegate.swift */ = {isa = PBXFileReference; lastKnownFileType = sourcecode.swift; path = SceneDelegate.swift; sourceTree = "<group>"; };
		CA2E62192BA2669100872E06 /* ViewController.swift */ = {isa = PBXFileReference; lastKnownFileType = sourcecode.swift; path = ViewController.swift; sourceTree = "<group>"; };
		CA2E621C2BA2669100872E06 /* Base */ = {isa = PBXFileReference; lastKnownFileType = file.storyboard; name = Base; path = Base.lproj/Main.storyboard; sourceTree = "<group>"; };
		CA2E621E2BA2669200872E06 /* Assets.xcassets */ = {isa = PBXFileReference; lastKnownFileType = folder.assetcatalog; path = Assets.xcassets; sourceTree = "<group>"; };
		CA2E62212BA2669200872E06 /* Base */ = {isa = PBXFileReference; lastKnownFileType = file.storyboard; name = Base; path = Base.lproj/LaunchScreen.storyboard; sourceTree = "<group>"; };
		CA2E62232BA2669200872E06 /* Info.plist */ = {isa = PBXFileReference; lastKnownFileType = text.plist.xml; path = Info.plist; sourceTree = "<group>"; };
		CA2E62292BA267A800872E06 /* girl.png */ = {isa = PBXFileReference; lastKnownFileType = image.png; path = girl.png; sourceTree = "<group>"; };
		CA44A7A82BA26A0500978394 /* ExpandedCell.swift */ = {isa = PBXFileReference; lastKnownFileType = sourcecode.swift; path = ExpandedCell.swift; sourceTree = "<group>"; };
		CA44A7AA2BA2715300978394 /* ExpandedCellModel.swift */ = {isa = PBXFileReference; lastKnownFileType = sourcecode.swift; path = ExpandedCellModel.swift; sourceTree = "<group>"; };
/* End PBXFileReference section */

/* Begin PBXFrameworksBuildPhase section */
		CA2E620F2BA2669100872E06 /* Frameworks */ = {
			isa = PBXFrameworksBuildPhase;
			buildActionMask = 2147483647;
			files = (
			);
			runOnlyForDeploymentPostprocessing = 0;
		};
/* End PBXFrameworksBuildPhase section */

/* Begin PBXGroup section */
		CA2E62092BA2669100872E06 = {
			isa = PBXGroup;
			children = (
				CA2E62142BA2669100872E06 /* ExpandedCell */,
				CA2E62132BA2669100872E06 /* Products */,
			);
			sourceTree = "<group>";
		};
		CA2E62132BA2669100872E06 /* Products */ = {
			isa = PBXGroup;
			children = (
				CA2E62122BA2669100872E06 /* ExpandedCell.app */,
			);
			name = Products;
			sourceTree = "<group>";
		};
		CA2E62142BA2669100872E06 /* ExpandedCell */ = {
			isa = PBXGroup;
			children = (
				CA2E62152BA2669100872E06 /* AppDelegate.swift */,
				CA2E62172BA2669100872E06 /* SceneDelegate.swift */,
				CA2E62192BA2669100872E06 /* ViewController.swift */,
				CA2E621B2BA2669100872E06 /* Main.storyboard */,
				CA2E621E2BA2669200872E06 /* Assets.xcassets */,
				CA2E62202BA2669200872E06 /* LaunchScreen.storyboard */,
				CA2E62232BA2669200872E06 /* Info.plist */,
				CA2E62292BA267A800872E06 /* girl.png */,
				CA44A7A82BA26A0500978394 /* ExpandedCell.swift */,
				CA44A7AA2BA2715300978394 /* ExpandedCellModel.swift */,
			);
			path = ExpandedCell;
			sourceTree = "<group>";
		};
/* End PBXGroup section */

/* Begin PBXNativeTarget section */
		CA2E62112BA2669100872E06 /* ExpandedCell */ = {
			isa = PBXNativeTarget;
			buildConfigurationList = CA2E62262BA2669200872E06 /* Build configuration list for PBXNativeTarget "ExpandedCell" */;
			buildPhases = (
				CA2E620E2BA2669100872E06 /* Sources */,
				CA2E620F2BA2669100872E06 /* Frameworks */,
				CA2E62102BA2669100872E06 /* Resources */,
			);
			buildRules = (
			);
			dependencies = (
			);
			name = ExpandedCell;
			productName = ExpandedCell;
			productReference = CA2E62122BA2669100872E06 /* ExpandedCell.app */;
			productType = "com.apple.product-type.application";
		};
/* End PBXNativeTarget section */

/* Begin PBXProject section */
		CA2E620A2BA2669100872E06 /* Project object */ = {
			isa = PBXProject;
			attributes = {
				BuildIndependentTargetsInParallel = 1;
				LastSwiftUpdateCheck = 1530;
				LastUpgradeCheck = 1530;
				TargetAttributes = {
					CA2E62112BA2669100872E06 = {
						CreatedOnToolsVersion = 15.3;
					};
				};
			};
			buildConfigurationList = CA2E620D2BA2669100872E06 /* Build configuration list for PBXProject "ExpandedCell" */;
			compatibilityVersion = "Xcode 14.0";
			developmentRegion = en;
			hasScannedForEncodings = 0;
			knownRegions = (
				en,
				Base,
			);
			mainGroup = CA2E62092BA2669100872E06;
			productRefGroup = CA2E62132BA2669100872E06 /* Products */;
			projectDirPath = "";
			projectRoot = "";
			targets = (
				CA2E62112BA2669100872E06 /* ExpandedCell */,
			);
		};
/* End PBXProject section */

/* Begin PBXResourcesBuildPhase section */
		CA2E62102BA2669100872E06 /* Resources */ = {
			isa = PBXResourcesBuildPhase;
			buildActionMask = 2147483647;
			files = (
				CA2E621F2BA2669200872E06 /* Assets.xcassets in Resources */,
				CA2E622A2BA267A800872E06 /* girl.png in Resources */,
				CA2E62222BA2669200872E06 /* Base in Resources */,
				CA2E621D2BA2669100872E06 /* Base in Resources */,
			);
			runOnlyForDeploymentPostprocessing = 0;
		};
/* End PBXResourcesBuildPhase section */

/* Begin PBXSourcesBuildPhase section */
		CA2E620E2BA2669100872E06 /* Sources */ = {
			isa = PBXSourcesBuildPhase;
			buildActionMask = 2147483647;
			files = (
				CA2E621A2BA2669100872E06 /* ViewController.swift in Sources */,
				CA2E62162BA2669100872E06 /* AppDelegate.swift in Sources */,
				CA44A7AB2BA2715300978394 /* ExpandedCellModel.swift in Sources */,
				CA44A7A92BA26A0500978394 /* ExpandedCell.swift in Sources */,
				CA2E62182BA2669100872E06 /* SceneDelegate.swift in Sources */,
			);
			runOnlyForDeploymentPostprocessing = 0;
		};
/* End PBXSourcesBuildPhase section */

/* Begin PBXVariantGroup section */
		CA2E621B2BA2669100872E06 /* Main.storyboard */ = {
			isa = PBXVariantGroup;
			children = (
				CA2E621C2BA2669100872E06 /* Base */,
			);
			name = Main.storyboard;
			sourceTree = "<group>";
		};
		CA2E62202BA2669200872E06 /* LaunchScreen.storyboard */ = {
			isa = PBXVariantGroup;
			children = (
				CA2E62212BA2669200872E06 /* Base */,
			);
			name = LaunchScreen.storyboard;
			sourceTree = "<group>";
		};
/* End PBXVariantGroup section */

/* Begin XCBuildConfiguration section */
		CA2E62242BA2669200872E06 /* Debug */ = {
			isa = XCBuildConfiguration;
			buildSettings = {
				ALWAYS_SEARCH_USER_PATHS = NO;
				ASSETCATALOG_COMPILER_GENERATE_SWIFT_ASSET_SYMBOL_EXTENSIONS = YES;
				CLANG_ANALYZER_NONNULL = YES;
				CLANG_ANALYZER_NUMBER_OBJECT_CONVERSION = YES_AGGRESSIVE;
				CLANG_CXX_LANGUAGE_STANDARD = "gnu++20";
				CLANG_ENABLE_MODULES = YES;
				CLANG_ENABLE_OBJC_ARC = YES;
				CLANG_ENABLE_OBJC_WEAK = YES;
				CLANG_WARN_BLOCK_CAPTURE_AUTORELEASING = YES;
				CLANG_WARN_BOOL_CONVERSION = YES;
				CLANG_WARN_COMMA = YES;
				CLANG_WARN_CONSTANT_CONVERSION = YES;
				CLANG_WARN_DEPRECATED_OBJC_IMPLEMENTATIONS = YES;
				CLANG_WARN_DIRECT_OBJC_ISA_USAGE = YES_ERROR;
				CLANG_WARN_DOCUMENTATION_COMMENTS = YES;
				CLANG_WARN_EMPTY_BODY = YES;
				CLANG_WARN_ENUM_CONVERSION = YES;
				CLANG_WARN_INFINITE_RECURSION = YES;
				CLANG_WARN_INT_CONVERSION = YES;
				CLANG_WARN_NON_LITERAL_NULL_CONVERSION = YES;
				CLANG_WARN_OBJC_IMPLICIT_RETAIN_SELF = YES;
				CLANG_WARN_OBJC_LITERAL_CONVERSION = YES;
				CLANG_WARN_OBJC_ROOT_CLASS = YES_ERROR;
				CLANG_WARN_QUOTED_INCLUDE_IN_FRAMEWORK_HEADER = YES;
				CLANG_WARN_RANGE_LOOP_ANALYSIS = YES;
				CLANG_WARN_STRICT_PROTOTYPES = YES;
				CLANG_WARN_SUSPICIOUS_MOVE = YES;
				CLANG_WARN_UNGUARDED_AVAILABILITY = YES_AGGRESSIVE;
				CLANG_WARN_UNREACHABLE_CODE = YES;
				CLANG_WARN__DUPLICATE_METHOD_MATCH = YES;
				COPY_PHASE_STRIP = NO;
				DEBUG_INFORMATION_FORMAT = dwarf;
				ENABLE_STRICT_OBJC_MSGSEND = YES;
				ENABLE_TESTABILITY = YES;
				ENABLE_USER_SCRIPT_SANDBOXING = YES;
				GCC_C_LANGUAGE_STANDARD = gnu17;
				GCC_DYNAMIC_NO_PIC = NO;
				GCC_NO_COMMON_BLOCKS = YES;
				GCC_OPTIMIZATION_LEVEL = 0;
				GCC_PREPROCESSOR_DEFINITIONS = (
					"DEBUG=1",
					"$(inherited)",
				);
				GCC_WARN_64_TO_32_BIT_CONVERSION = YES;
				GCC_WARN_ABOUT_RETURN_TYPE = YES_ERROR;
				GCC_WARN_UNDECLARED_SELECTOR = YES;
				GCC_WARN_UNINITIALIZED_AUTOS = YES_AGGRESSIVE;
				GCC_WARN_UNUSED_FUNCTION = YES;
				GCC_WARN_UNUSED_VARIABLE = YES;
				IPHONEOS_DEPLOYMENT_TARGET = 15.0;
				LOCALIZATION_PREFERS_STRING_CATALOGS = YES;
				MTL_ENABLE_DEBUG_INFO = INCLUDE_SOURCE;
				MTL_FAST_MATH = YES;
				ONLY_ACTIVE_ARCH = YES;
				SDKROOT = iphoneos;
				SWIFT_ACTIVE_COMPILATION_CONDITIONS = "DEBUG $(inherited)";
				SWIFT_OPTIMIZATION_LEVEL = "-Onone";
			};
			name = Debug;
		};
		CA2E62252BA2669200872E06 /* Release */ = {
			isa = XCBuildConfiguration;
			buildSettings = {
				ALWAYS_SEARCH_USER_PATHS = NO;
				ASSETCATALOG_COMPILER_GENERATE_SWIFT_ASSET_SYMBOL_EXTENSIONS = YES;
				CLANG_ANALYZER_NONNULL = YES;
				CLANG_ANALYZER_NUMBER_OBJECT_CONVERSION = YES_AGGRESSIVE;
				CLANG_CXX_LANGUAGE_STANDARD = "gnu++20";
				CLANG_ENABLE_MODULES = YES;
				CLANG_ENABLE_OBJC_ARC = YES;
				CLANG_ENABLE_OBJC_WEAK = YES;
				CLANG_WARN_BLOCK_CAPTURE_AUTORELEASING = YES;
				CLANG_WARN_BOOL_CONVERSION = YES;
				CLANG_WARN_COMMA = YES;
				CLANG_WARN_CONSTANT_CONVERSION = YES;
				CLANG_WARN_DEPRECATED_OBJC_IMPLEMENTATIONS = YES;
				CLANG_WARN_DIRECT_OBJC_ISA_USAGE = YES_ERROR;
				CLANG_WARN_DOCUMENTATION_COMMENTS = YES;
				CLANG_WARN_EMPTY_BODY = YES;
				CLANG_WARN_ENUM_CONVERSION = YES;
				CLANG_WARN_INFINITE_RECURSION = YES;
				CLANG_WARN_INT_CONVERSION = YES;
				CLANG_WARN_NON_LITERAL_NULL_CONVERSION = YES;
				CLANG_WARN_OBJC_IMPLICIT_RETAIN_SELF = YES;
				CLANG_WARN_OBJC_LITERAL_CONVERSION = YES;
				CLANG_WARN_OBJC_ROOT_CLASS = YES_ERROR;
				CLANG_WARN_QUOTED_INCLUDE_IN_FRAMEWORK_HEADER = YES;
				CLANG_WARN_RANGE_LOOP_ANALYSIS = YES;
				CLANG_WARN_STRICT_PROTOTYPES = YES;
				CLANG_WARN_SUSPICIOUS_MOVE = YES;
				CLANG_WARN_UNGUARDED_AVAILABILITY = YES_AGGRESSIVE;
				CLANG_WARN_UNREACHABLE_CODE = YES;
				CLANG_WARN__DUPLICATE_METHOD_MATCH = YES;
				COPY_PHASE_STRIP = NO;
				DEBUG_INFORMATION_FORMAT = "dwarf-with-dsym";
				ENABLE_NS_ASSERTIONS = NO;
				ENABLE_STRICT_OBJC_MSGSEND = YES;
				ENABLE_USER_SCRIPT_SANDBOXING = YES;
				GCC_C_LANGUAGE_STANDARD = gnu17;
				GCC_NO_COMMON_BLOCKS = YES;
				GCC_WARN_64_TO_32_BIT_CONVERSION = YES;
				GCC_WARN_ABOUT_RETURN_TYPE = YES_ERROR;
				GCC_WARN_UNDECLARED_SELECTOR = YES;
				GCC_WARN_UNINITIALIZED_AUTOS = YES_AGGRESSIVE;
				GCC_WARN_UNUSED_FUNCTION = YES;
				GCC_WARN_UNUSED_VARIABLE = YES;
				IPHONEOS_DEPLOYMENT_TARGET = 15.0;
				LOCALIZATION_PREFERS_STRING_CATALOGS = YES;
				MTL_ENABLE_DEBUG_INFO = NO;
				MTL_FAST_MATH = YES;
				SDKROOT = iphoneos;
				SWIFT_COMPILATION_MODE = wholemodule;
				VALIDATE_PRODUCT = YES;
			};
			name = Release;
		};
		CA2E62272BA2669200872E06 /* Debug */ = {
			isa = XCBuildConfiguration;
			buildSettings = {
				ASSETCATALOG_COMPILER_APPICON_NAME = AppIcon;
				ASSETCATALOG_COMPILER_GLOBAL_ACCENT_COLOR_NAME = AccentColor;
				CODE_SIGN_STYLE = Automatic;
				CURRENT_PROJECT_VERSION = 1;
				DEVELOPMENT_TEAM = QK56G4MSM3;
				GENERATE_INFOPLIST_FILE = YES;
				INFOPLIST_FILE = ExpandedCell/Info.plist;
				INFOPLIST_KEY_UIApplicationSupportsIndirectInputEvents = YES;
				INFOPLIST_KEY_UILaunchStoryboardName = LaunchScreen;
				INFOPLIST_KEY_UIMainStoryboardFile = Main;
				INFOPLIST_KEY_UISupportedInterfaceOrientations_iPad = "UIInterfaceOrientationPortrait UIInterfaceOrientationPortraitUpsideDown UIInterfaceOrientationLandscapeLeft UIInterfaceOrientationLandscapeRight";
				INFOPLIST_KEY_UISupportedInterfaceOrientations_iPhone = "UIInterfaceOrientationPortrait UIInterfaceOrientationLandscapeLeft UIInterfaceOrientationLandscapeRight";
				IPHONEOS_DEPLOYMENT_TARGET = 15.0;
				LD_RUNPATH_SEARCH_PATHS = (
					"$(inherited)",
					"@executable_path/Frameworks",
				);
				MARKETING_VERSION = 1.0;
				PRODUCT_BUNDLE_IDENTIFIER = com.bakubaku.ExpandedCell;
				PRODUCT_NAME = "$(TARGET_NAME)";
				SWIFT_EMIT_LOC_STRINGS = YES;
				SWIFT_VERSION = 5.0;
				TARGETED_DEVICE_FAMILY = "1,2";
			};
			name = Debug;
		};
		CA2E62282BA2669200872E06 /* Release */ = {
			isa = XCBuildConfiguration;
			buildSettings = {
				ASSETCATALOG_COMPILER_APPICON_NAME = AppIcon;
				ASSETCATALOG_COMPILER_GLOBAL_ACCENT_COLOR_NAME = AccentColor;
				CODE_SIGN_STYLE = Automatic;
				CURRENT_PROJECT_VERSION = 1;
				DEVELOPMENT_TEAM = QK56G4MSM3;
				GENERATE_INFOPLIST_FILE = YES;
				INFOPLIST_FILE = ExpandedCell/Info.plist;
				INFOPLIST_KEY_UIApplicationSupportsIndirectInputEvents = YES;
				INFOPLIST_KEY_UILaunchStoryboardName = LaunchScreen;
				INFOPLIST_KEY_UIMainStoryboardFile = Main;
				INFOPLIST_KEY_UISupportedInterfaceOrientations_iPad = "UIInterfaceOrientationPortrait UIInterfaceOrientationPortraitUpsideDown UIInterfaceOrientationLandscapeLeft UIInterfaceOrientationLandscapeRight";
				INFOPLIST_KEY_UISupportedInterfaceOrientations_iPhone = "UIInterfaceOrientationPortrait UIInterfaceOrientationLandscapeLeft UIInterfaceOrientationLandscapeRight";
				IPHONEOS_DEPLOYMENT_TARGET = 15.0;
				LD_RUNPATH_SEARCH_PATHS = (
					"$(inherited)",
					"@executable_path/Frameworks",
				);
				MARKETING_VERSION = 1.0;
				PRODUCT_BUNDLE_IDENTIFIER = com.bakubaku.ExpandedCell;
				PRODUCT_NAME = "$(TARGET_NAME)";
				SWIFT_EMIT_LOC_STRINGS = YES;
				SWIFT_VERSION = 5.0;
				TARGETED_DEVICE_FAMILY = "1,2";
			};
			name = Release;
		};
/* End XCBuildConfiguration section */

/* Begin XCConfigurationList section */
		CA2E620D2BA2669100872E06 /* Build configuration list for PBXProject "ExpandedCell" */ = {
			isa = XCConfigurationList;
			buildConfigurations = (
				CA2E62242BA2669200872E06 /* Debug */,
				CA2E62252BA2669200872E06 /* Release */,
			);
			defaultConfigurationIsVisible = 0;
			defaultConfigurationName = Release;
		};
		CA2E62262BA2669200872E06 /* Build configuration list for PBXNativeTarget "ExpandedCell" */ = {
			isa = XCConfigurationList;
			buildConfigurations = (
				CA2E62272BA2669200872E06 /* Debug */,
				CA2E62282BA2669200872E06 /* Release */,
			);
			defaultConfigurationIsVisible = 0;
			defaultConfigurationName = Release;
		};
/* End XCConfigurationList section */
	};
	rootObject = CA2E620A2BA2669100872E06 /* Project object */;
}
