// !$*UTF8*$!
{
	archiveVersion = 1;
	classes = {
	};
	objectVersion = 56;
	objects = {

/* Begin PBXBuildFile section */
		CA4BF52D2BBCC818003483C0 /* JPApexPredators17App.swift in Sources */ = {isa = PBXBuildFile; fileRef = CA4BF52C2BBCC818003483C0 /* JPApexPredators17App.swift */; };
		CA4BF52F2BBCC818003483C0 /* ContentView.swift in Sources */ = {isa = PBXBuildFile; fileRef = CA4BF52E2BBCC818003483C0 /* ContentView.swift */; };
		CA4BF5312BBCC819003483C0 /* Assets.xcassets in Resources */ = {isa = PBXBuildFile; fileRef = CA4BF5302BBCC819003483C0 /* Assets.xcassets */; };
		CA4BF5342BBCC819003483C0 /* Preview Assets.xcassets in Resources */ = {isa = PBXBuildFile; fileRef = CA4BF5332BBCC819003483C0 /* Preview Assets.xcassets */; };
		CA4BF53B2BBCC8E8003483C0 /* jpapexpredators.json in Resources */ = {isa = PBXBuildFile; fileRef = CA4BF53A2BBCC8E8003483C0 /* jpapexpredators.json */; };
		CA4BF53E2BBCCA87003483C0 /* ApexPredator.swift in Sources */ = {isa = PBXBuildFile; fileRef = CA4BF53D2BBCCA87003483C0 /* ApexPredator.swift */; };
		CA4BF5402BBCD3A0003483C0 /* Predators.swift in Sources */ = {isa = PBXBuildFile; fileRef = CA4BF53F2BBCD3A0003483C0 /* Predators.swift */; };
		CA4BF5422BBD2146003483C0 /* PredatorDetail.swift in Sources */ = {isa = PBXBuildFile; fileRef = CA4BF5412BBD2146003483C0 /* PredatorDetail.swift */; };
		CA92839D2BBD72870002C2EA /* PredatorMap.swift in Sources */ = {isa = PBXBuildFile; fileRef = CA92839C2BBD72870002C2EA /* PredatorMap.swift */; };
		CA9283A32BBE09900002C2EA /* Stickers.xcassets in Resources */ = {isa = PBXBuildFile; fileRef = CA9283A22BBE09900002C2EA /* Stickers.xcassets */; };
		CA9283A72BBE09900002C2EA /* ApexStickers.appex in Embed Foundation Extensions */ = {isa = PBXBuildFile; fileRef = CA9283A02BBE098F0002C2EA /* ApexStickers.appex */; settings = {ATTRIBUTES = (RemoveHeadersOnCopy, ); }; };
/* End PBXBuildFile section */

/* Begin PBXContainerItemProxy section */
		CA9283A52BBE09900002C2EA /* PBXContainerItemProxy */ = {
			isa = PBXContainerItemProxy;
			containerPortal = CA4BF5212BBCC818003483C0 /* Project object */;
			proxyType = 1;
			remoteGlobalIDString = CA92839F2BBE098F0002C2EA;
			remoteInfo = ApexStickers;
		};
/* End PBXContainerItemProxy section */

/* Begin PBXCopyFilesBuildPhase section */
		CA9283AB2BBE09900002C2EA /* Embed Foundation Extensions */ = {
			isa = PBXCopyFilesBuildPhase;
			buildActionMask = 2147483647;
			dstPath = "";
			dstSubfolderSpec = 13;
			files = (
				CA9283A72BBE09900002C2EA /* ApexStickers.appex in Embed Foundation Extensions */,
			);
			name = "Embed Foundation Extensions";
			runOnlyForDeploymentPostprocessing = 0;
		};
/* End PBXCopyFilesBuildPhase section */

/* Begin PBXFileReference section */
		CA4BF5292BBCC818003483C0 /* JPApexPredators17.app */ = {isa = PBXFileReference; explicitFileType = wrapper.application; includeInIndex = 0; path = JPApexPredators17.app; sourceTree = BUILT_PRODUCTS_DIR; };
		CA4BF52C2BBCC818003483C0 /* JPApexPredators17App.swift */ = {isa = PBXFileReference; lastKnownFileType = sourcecode.swift; path = JPApexPredators17App.swift; sourceTree = "<group>"; };
		CA4BF52E2BBCC818003483C0 /* ContentView.swift */ = {isa = PBXFileReference; lastKnownFileType = sourcecode.swift; path = ContentView.swift; sourceTree = "<group>"; };
		CA4BF5302BBCC819003483C0 /* Assets.xcassets */ = {isa = PBXFileReference; lastKnownFileType = folder.assetcatalog; path = Assets.xcassets; sourceTree = "<group>"; };
		CA4BF5332BBCC819003483C0 /* Preview Assets.xcassets */ = {isa = PBXFileReference; lastKnownFileType = folder.assetcatalog; path = "Preview Assets.xcassets"; sourceTree = "<group>"; };
		CA4BF53A2BBCC8E8003483C0 /* jpapexpredators.json */ = {isa = PBXFileReference; fileEncoding = 4; lastKnownFileType = text.json; path = jpapexpredators.json; sourceTree = "<group>"; };
		CA4BF53D2BBCCA87003483C0 /* ApexPredator.swift */ = {isa = PBXFileReference; lastKnownFileType = sourcecode.swift; path = ApexPredator.swift; sourceTree = "<group>"; };
		CA4BF53F2BBCD3A0003483C0 /* Predators.swift */ = {isa = PBXFileReference; lastKnownFileType = sourcecode.swift; path = Predators.swift; sourceTree = "<group>"; };
		CA4BF5412BBD2146003483C0 /* PredatorDetail.swift */ = {isa = PBXFileReference; lastKnownFileType = sourcecode.swift; path = PredatorDetail.swift; sourceTree = "<group>"; };
		CA92839C2BBD72870002C2EA /* PredatorMap.swift */ = {isa = PBXFileReference; lastKnownFileType = sourcecode.swift; path = PredatorMap.swift; sourceTree = "<group>"; };
		CA9283A02BBE098F0002C2EA /* ApexStickers.appex */ = {isa = PBXFileReference; explicitFileType = "wrapper.app-extension"; includeInIndex = 0; path = ApexStickers.appex; sourceTree = BUILT_PRODUCTS_DIR; };
		CA9283A22BBE09900002C2EA /* Stickers.xcassets */ = {isa = PBXFileReference; lastKnownFileType = folder.assetcatalog; path = Stickers.xcassets; sourceTree = "<group>"; };
		CA9283A42BBE09900002C2EA /* Info.plist */ = {isa = PBXFileReference; lastKnownFileType = text.plist.xml; path = Info.plist; sourceTree = "<group>"; };
/* End PBXFileReference section */

/* Begin PBXFrameworksBuildPhase section */
		CA4BF5262BBCC818003483C0 /* Frameworks */ = {
			isa = PBXFrameworksBuildPhase;
			buildActionMask = 2147483647;
			files = (
			);
			runOnlyForDeploymentPostprocessing = 0;
		};
/* End PBXFrameworksBuildPhase section */

/* Begin PBXGroup section */
		CA4BF5202BBCC818003483C0 = {
			isa = PBXGroup;
			children = (
				CA4BF52B2BBCC818003483C0 /* JPApexPredators17 */,
				CA9283A12BBE098F0002C2EA /* ApexStickers */,
				CA4BF52A2BBCC818003483C0 /* Products */,
			);
			sourceTree = "<group>";
		};
		CA4BF52A2BBCC818003483C0 /* Products */ = {
			isa = PBXGroup;
			children = (
				CA4BF5292BBCC818003483C0 /* JPApexPredators17.app */,
				CA9283A02BBE098F0002C2EA /* ApexStickers.appex */,
			);
			name = Products;
			sourceTree = "<group>";
		};
		CA4BF52B2BBCC818003483C0 /* JPApexPredators17 */ = {
			isa = PBXGroup;
			children = (
				CA4BF53C2BBCCA60003483C0 /* Models */,
				CA4BF52C2BBCC818003483C0 /* JPApexPredators17App.swift */,
				CA4BF52E2BBCC818003483C0 /* ContentView.swift */,
				CA4BF5412BBD2146003483C0 /* PredatorDetail.swift */,
				CA92839C2BBD72870002C2EA /* PredatorMap.swift */,
				CA4BF53A2BBCC8E8003483C0 /* jpapexpredators.json */,
				CA4BF5302BBCC819003483C0 /* Assets.xcassets */,
				CA4BF5322BBCC819003483C0 /* Preview Content */,
			);
			path = JPApexPredators17;
			sourceTree = "<group>";
		};
		CA4BF5322BBCC819003483C0 /* Preview Content */ = {
			isa = PBXGroup;
			children = (
				CA4BF5332BBCC819003483C0 /* Preview Assets.xcassets */,
			);
			path = "Preview Content";
			sourceTree = "<group>";
		};
		CA4BF53C2BBCCA60003483C0 /* Models */ = {
			isa = PBXGroup;
			children = (
				CA4BF53D2BBCCA87003483C0 /* ApexPredator.swift */,
				CA4BF53F2BBCD3A0003483C0 /* Predators.swift */,
			);
			path = Models;
			sourceTree = "<group>";
		};
		CA9283A12BBE098F0002C2EA /* ApexStickers */ = {
			isa = PBXGroup;
			children = (
				CA9283A22BBE09900002C2EA /* Stickers.xcassets */,
				CA9283A42BBE09900002C2EA /* Info.plist */,
			);
			path = ApexStickers;
			sourceTree = "<group>";
		};
/* End PBXGroup section */

/* Begin PBXNativeTarget section */
		CA4BF5282BBCC818003483C0 /* JPApexPredators17 */ = {
			isa = PBXNativeTarget;
			buildConfigurationList = CA4BF5372BBCC819003483C0 /* Build configuration list for PBXNativeTarget "JPApexPredators17" */;
			buildPhases = (
				CA4BF5252BBCC818003483C0 /* Sources */,
				CA4BF5262BBCC818003483C0 /* Frameworks */,
				CA4BF5272BBCC818003483C0 /* Resources */,
				CA9283AB2BBE09900002C2EA /* Embed Foundation Extensions */,
			);
			buildRules = (
			);
			dependencies = (
				CA9283A62BBE09900002C2EA /* PBXTargetDependency */,
			);
			name = JPApexPredators17;
			productName = JPApexPredators17;
			productReference = CA4BF5292BBCC818003483C0 /* JPApexPredators17.app */;
			productType = "com.apple.product-type.application";
		};
		CA92839F2BBE098F0002C2EA /* ApexStickers */ = {
			isa = PBXNativeTarget;
			buildConfigurationList = CA9283A82BBE09900002C2EA /* Build configuration list for PBXNativeTarget "ApexStickers" */;
			buildPhases = (
				CA92839E2BBE098F0002C2EA /* Resources */,
			);
			buildRules = (
			);
			dependencies = (
			);
			name = ApexStickers;
			productName = ApexStickers;
			productReference = CA9283A02BBE098F0002C2EA /* ApexStickers.appex */;
			productType = "com.apple.product-type.app-extension.messages-sticker-pack";
		};
/* End PBXNativeTarget section */

/* Begin PBXProject section */
		CA4BF5212BBCC818003483C0 /* Project object */ = {
			isa = PBXProject;
			attributes = {
				BuildIndependentTargetsInParallel = 1;
				LastSwiftUpdateCheck = 1530;
				LastUpgradeCheck = 1530;
				TargetAttributes = {
					CA4BF5282BBCC818003483C0 = {
						CreatedOnToolsVersion = 15.3;
					};
					CA92839F2BBE098F0002C2EA = {
						CreatedOnToolsVersion = 15.3;
					};
				};
			};
			buildConfigurationList = CA4BF5242BBCC818003483C0 /* Build configuration list for PBXProject "JPApexPredators17" */;
			compatibilityVersion = "Xcode 14.0";
			developmentRegion = en;
			hasScannedForEncodings = 0;
			knownRegions = (
				en,
				Base,
			);
			mainGroup = CA4BF5202BBCC818003483C0;
			productRefGroup = CA4BF52A2BBCC818003483C0 /* Products */;
			projectDirPath = "";
			projectRoot = "";
			targets = (
				CA4BF5282BBCC818003483C0 /* JPApexPredators17 */,
				CA92839F2BBE098F0002C2EA /* ApexStickers */,
			);
		};
/* End PBXProject section */

/* Begin PBXResourcesBuildPhase section */
		CA4BF5272BBCC818003483C0 /* Resources */ = {
			isa = PBXResourcesBuildPhase;
			buildActionMask = 2147483647;
			files = (
				CA4BF5342BBCC819003483C0 /* Preview Assets.xcassets in Resources */,
				CA4BF5312BBCC819003483C0 /* Assets.xcassets in Resources */,
				CA4BF53B2BBCC8E8003483C0 /* jpapexpredators.json in Resources */,
			);
			runOnlyForDeploymentPostprocessing = 0;
		};
		CA92839E2BBE098F0002C2EA /* Resources */ = {
			isa = PBXResourcesBuildPhase;
			buildActionMask = 2147483647;
			files = (
				CA9283A32BBE09900002C2EA /* Stickers.xcassets in Resources */,
			);
			runOnlyForDeploymentPostprocessing = 0;
		};
/* End PBXResourcesBuildPhase section */

/* Begin PBXSourcesBuildPhase section */
		CA4BF5252BBCC818003483C0 /* Sources */ = {
			isa = PBXSourcesBuildPhase;
			buildActionMask = 2147483647;
			files = (
				CA4BF53E2BBCCA87003483C0 /* ApexPredator.swift in Sources */,
				CA92839D2BBD72870002C2EA /* PredatorMap.swift in Sources */,
				CA4BF52F2BBCC818003483C0 /* ContentView.swift in Sources */,
				CA4BF5422BBD2146003483C0 /* PredatorDetail.swift in Sources */,
				CA4BF5402BBCD3A0003483C0 /* Predators.swift in Sources */,
				CA4BF52D2BBCC818003483C0 /* JPApexPredators17App.swift in Sources */,
			);
			runOnlyForDeploymentPostprocessing = 0;
		};
/* End PBXSourcesBuildPhase section */

/* Begin PBXTargetDependency section */
		CA9283A62BBE09900002C2EA /* PBXTargetDependency */ = {
			isa = PBXTargetDependency;
			target = CA92839F2BBE098F0002C2EA /* ApexStickers */;
			targetProxy = CA9283A52BBE09900002C2EA /* PBXContainerItemProxy */;
		};
/* End PBXTargetDependency section */

/* Begin XCBuildConfiguration section */
		CA4BF5352BBCC819003483C0 /* Debug */ = {
			isa = XCBuildConfiguration;
			buildSettings = {
				ALWAYS_SEARCH_USER_PATHS = NO;
				ASSETCATALOG_COMPILER_GENERATE_SWIFT_ASSET_SYMBOL_EXTENSIONS = YES;
				CLANG_ANALYZER_NONNULL = YES;
				CLANG_ANALYZER_NUMBER_OBJECT_CONVERSION = YES_AGGRESSIVE;
				CLANG_CXX_LANGUAGE_STANDARD = "gnu++20";
				CLANG_ENABLE_MODULES = YES;
				CLANG_ENABLE_OBJC_ARC = YES;
				CLANG_ENABLE_OBJC_WEAK = YES;
				CLANG_WARN_BLOCK_CAPTURE_AUTORELEASING = YES;
				CLANG_WARN_BOOL_CONVERSION = YES;
				CLANG_WARN_COMMA = YES;
				CLANG_WARN_CONSTANT_CONVERSION = YES;
				CLANG_WARN_DEPRECATED_OBJC_IMPLEMENTATIONS = YES;
				CLANG_WARN_DIRECT_OBJC_ISA_USAGE = YES_ERROR;
				CLANG_WARN_DOCUMENTATION_COMMENTS = YES;
				CLANG_WARN_EMPTY_BODY = YES;
				CLANG_WARN_ENUM_CONVERSION = YES;
				CLANG_WARN_INFINITE_RECURSION = YES;
				CLANG_WARN_INT_CONVERSION = YES;
				CLANG_WARN_NON_LITERAL_NULL_CONVERSION = YES;
				CLANG_WARN_OBJC_IMPLICIT_RETAIN_SELF = YES;
				CLANG_WARN_OBJC_LITERAL_CONVERSION = YES;
				CLANG_WARN_OBJC_ROOT_CLASS = YES_ERROR;
				CLANG_WARN_QUOTED_INCLUDE_IN_FRAMEWORK_HEADER = YES;
				CLANG_WARN_RANGE_LOOP_ANALYSIS = YES;
				CLANG_WARN_STRICT_PROTOTYPES = YES;
				CLANG_WARN_SUSPICIOUS_MOVE = YES;
				CLANG_WARN_UNGUARDED_AVAILABILITY = YES_AGGRESSIVE;
				CLANG_WARN_UNREACHABLE_CODE = YES;
				CLANG_WARN__DUPLICATE_METHOD_MATCH = YES;
				COPY_PHASE_STRIP = NO;
				DEBUG_INFORMATION_FORMAT = dwarf;
				ENABLE_STRICT_OBJC_MSGSEND = YES;
				ENABLE_TESTABILITY = YES;
				ENABLE_USER_SCRIPT_SANDBOXING = YES;
				GCC_C_LANGUAGE_STANDARD = gnu17;
				GCC_DYNAMIC_NO_PIC = NO;
				GCC_NO_COMMON_BLOCKS = YES;
				GCC_OPTIMIZATION_LEVEL = 0;
				GCC_PREPROCESSOR_DEFINITIONS = (
					"DEBUG=1",
					"$(inherited)",
				);
				GCC_WARN_64_TO_32_BIT_CONVERSION = YES;
				GCC_WARN_ABOUT_RETURN_TYPE = YES_ERROR;
				GCC_WARN_UNDECLARED_SELECTOR = YES;
				GCC_WARN_UNINITIALIZED_AUTOS = YES_AGGRESSIVE;
				GCC_WARN_UNUSED_FUNCTION = YES;
				GCC_WARN_UNUSED_VARIABLE = YES;
				IPHONEOS_DEPLOYMENT_TARGET = 15.0;
				LOCALIZATION_PREFERS_STRING_CATALOGS = YES;
				MTL_ENABLE_DEBUG_INFO = INCLUDE_SOURCE;
				MTL_FAST_MATH = YES;
				ONLY_ACTIVE_ARCH = YES;
				SDKROOT = iphoneos;
				SWIFT_ACTIVE_COMPILATION_CONDITIONS = "DEBUG $(inherited)";
				SWIFT_OPTIMIZATION_LEVEL = "-Onone";
			};
			name = Debug;
		};
		CA4BF5362BBCC819003483C0 /* Release */ = {
			isa = XCBuildConfiguration;
			buildSettings = {
				ALWAYS_SEARCH_USER_PATHS = NO;
				ASSETCATALOG_COMPILER_GENERATE_SWIFT_ASSET_SYMBOL_EXTENSIONS = YES;
				CLANG_ANALYZER_NONNULL = YES;
				CLANG_ANALYZER_NUMBER_OBJECT_CONVERSION = YES_AGGRESSIVE;
				CLANG_CXX_LANGUAGE_STANDARD = "gnu++20";
				CLANG_ENABLE_MODULES = YES;
				CLANG_ENABLE_OBJC_ARC = YES;
				CLANG_ENABLE_OBJC_WEAK = YES;
				CLANG_WARN_BLOCK_CAPTURE_AUTORELEASING = YES;
				CLANG_WARN_BOOL_CONVERSION = YES;
				CLANG_WARN_COMMA = YES;
				CLANG_WARN_CONSTANT_CONVERSION = YES;
				CLANG_WARN_DEPRECATED_OBJC_IMPLEMENTATIONS = YES;
				CLANG_WARN_DIRECT_OBJC_ISA_USAGE = YES_ERROR;
				CLANG_WARN_DOCUMENTATION_COMMENTS = YES;
				CLANG_WARN_EMPTY_BODY = YES;
				CLANG_WARN_ENUM_CONVERSION = YES;
				CLANG_WARN_INFINITE_RECURSION = YES;
				CLANG_WARN_INT_CONVERSION = YES;
				CLANG_WARN_NON_LITERAL_NULL_CONVERSION = YES;
				CLANG_WARN_OBJC_IMPLICIT_RETAIN_SELF = YES;
				CLANG_WARN_OBJC_LITERAL_CONVERSION = YES;
				CLANG_WARN_OBJC_ROOT_CLASS = YES_ERROR;
				CLANG_WARN_QUOTED_INCLUDE_IN_FRAMEWORK_HEADER = YES;
				CLANG_WARN_RANGE_LOOP_ANALYSIS = YES;
				CLANG_WARN_STRICT_PROTOTYPES = YES;
				CLANG_WARN_SUSPICIOUS_MOVE = YES;
				CLANG_WARN_UNGUARDED_AVAILABILITY = YES_AGGRESSIVE;
				CLANG_WARN_UNREACHABLE_CODE = YES;
				CLANG_WARN__DUPLICATE_METHOD_MATCH = YES;
				COPY_PHASE_STRIP = NO;
				DEBUG_INFORMATION_FORMAT = "dwarf-with-dsym";
				ENABLE_NS_ASSERTIONS = NO;
				ENABLE_STRICT_OBJC_MSGSEND = YES;
				ENABLE_USER_SCRIPT_SANDBOXING = YES;
				GCC_C_LANGUAGE_STANDARD = gnu17;
				GCC_NO_COMMON_BLOCKS = YES;
				GCC_WARN_64_TO_32_BIT_CONVERSION = YES;
				GCC_WARN_ABOUT_RETURN_TYPE = YES_ERROR;
				GCC_WARN_UNDECLARED_SELECTOR = YES;
				GCC_WARN_UNINITIALIZED_AUTOS = YES_AGGRESSIVE;
				GCC_WARN_UNUSED_FUNCTION = YES;
				GCC_WARN_UNUSED_VARIABLE = YES;
				IPHONEOS_DEPLOYMENT_TARGET = 15.0;
				LOCALIZATION_PREFERS_STRING_CATALOGS = YES;
				MTL_ENABLE_DEBUG_INFO = NO;
				MTL_FAST_MATH = YES;
				SDKROOT = iphoneos;
				SWIFT_COMPILATION_MODE = wholemodule;
				VALIDATE_PRODUCT = YES;
			};
			name = Release;
		};
		CA4BF5382BBCC819003483C0 /* Debug */ = {
			isa = XCBuildConfiguration;
			buildSettings = {
				ASSETCATALOG_COMPILER_APPICON_NAME = AppIcon;
				ASSETCATALOG_COMPILER_GLOBAL_ACCENT_COLOR_NAME = AccentColor;
				CODE_SIGN_STYLE = Automatic;
				CURRENT_PROJECT_VERSION = 1;
				DEVELOPMENT_ASSET_PATHS = "\"JPApexPredators17/Preview Content\"";
				DEVELOPMENT_TEAM = QK56G4MSM3;
				ENABLE_PREVIEWS = YES;
				GENERATE_INFOPLIST_FILE = YES;
				INFOPLIST_KEY_UIApplicationSceneManifest_Generation = YES;
				INFOPLIST_KEY_UIApplicationSupportsIndirectInputEvents = YES;
				INFOPLIST_KEY_UILaunchScreen_Generation = YES;
				INFOPLIST_KEY_UISupportedInterfaceOrientations_iPad = "UIInterfaceOrientationPortrait UIInterfaceOrientationPortraitUpsideDown UIInterfaceOrientationLandscapeLeft UIInterfaceOrientationLandscapeRight";
				INFOPLIST_KEY_UISupportedInterfaceOrientations_iPhone = "UIInterfaceOrientationPortrait UIInterfaceOrientationLandscapeLeft UIInterfaceOrientationLandscapeRight";
				LD_RUNPATH_SEARCH_PATHS = (
					"$(inherited)",
					"@executable_path/Frameworks",
				);
				MARKETING_VERSION = 1.0;
				PRODUCT_BUNDLE_IDENTIFIER = com.bakubaku.JPApexPredators17;
				PRODUCT_NAME = "$(TARGET_NAME)";
				SWIFT_EMIT_LOC_STRINGS = YES;
				SWIFT_VERSION = 5.0;
				TARGETED_DEVICE_FAMILY = "1,2";
			};
			name = Debug;
		};
		CA4BF5392BBCC819003483C0 /* Release */ = {
			isa = XCBuildConfiguration;
			buildSettings = {
				ASSETCATALOG_COMPILER_APPICON_NAME = AppIcon;
				ASSETCATALOG_COMPILER_GLOBAL_ACCENT_COLOR_NAME = AccentColor;
				CODE_SIGN_STYLE = Automatic;
				CURRENT_PROJECT_VERSION = 1;
				DEVELOPMENT_ASSET_PATHS = "\"JPApexPredators17/Preview Content\"";
				DEVELOPMENT_TEAM = QK56G4MSM3;
				ENABLE_PREVIEWS = YES;
				GENERATE_INFOPLIST_FILE = YES;
				INFOPLIST_KEY_UIApplicationSceneManifest_Generation = YES;
				INFOPLIST_KEY_UIApplicationSupportsIndirectInputEvents = YES;
				INFOPLIST_KEY_UILaunchScreen_Generation = YES;
				INFOPLIST_KEY_UISupportedInterfaceOrientations_iPad = "UIInterfaceOrientationPortrait UIInterfaceOrientationPortraitUpsideDown UIInterfaceOrientationLandscapeLeft UIInterfaceOrientationLandscapeRight";
				INFOPLIST_KEY_UISupportedInterfaceOrientations_iPhone = "UIInterfaceOrientationPortrait UIInterfaceOrientationLandscapeLeft UIInterfaceOrientationLandscapeRight";
				LD_RUNPATH_SEARCH_PATHS = (
					"$(inherited)",
					"@executable_path/Frameworks",
				);
				MARKETING_VERSION = 1.0;
				PRODUCT_BUNDLE_IDENTIFIER = com.bakubaku.JPApexPredators17;
				PRODUCT_NAME = "$(TARGET_NAME)";
				SWIFT_EMIT_LOC_STRINGS = YES;
				SWIFT_VERSION = 5.0;
				TARGETED_DEVICE_FAMILY = "1,2";
			};
			name = Release;
		};
		CA9283A92BBE09900002C2EA /* Debug */ = {
			isa = XCBuildConfiguration;
			buildSettings = {
				ASSETCATALOG_COMPILER_APPICON_NAME = "iMessage App Icon";
				CODE_SIGN_STYLE = Automatic;
				CURRENT_PROJECT_VERSION = 1;
				DEVELOPMENT_TEAM = QK56G4MSM3;
				GENERATE_INFOPLIST_FILE = YES;
				INFOPLIST_FILE = ApexStickers/Info.plist;
				INFOPLIST_KEY_NSStickerSharingLevel = OS;
				IPHONEOS_DEPLOYMENT_TARGET = 15.0;
				MARKETING_VERSION = 1.0;
				PRODUCT_BUNDLE_IDENTIFIER = com.bakubaku.JPApexPredators17.ApexStickers;
				PRODUCT_NAME = "$(TARGET_NAME)";
				SKIP_INSTALL = YES;
				SWIFT_EMIT_LOC_STRINGS = YES;
				TARGETED_DEVICE_FAMILY = "1,2";
			};
			name = Debug;
		};
		CA9283AA2BBE09900002C2EA /* Release */ = {
			isa = XCBuildConfiguration;
			buildSettings = {
				ASSETCATALOG_COMPILER_APPICON_NAME = "iMessage App Icon";
				CODE_SIGN_STYLE = Automatic;
				CURRENT_PROJECT_VERSION = 1;
				DEVELOPMENT_TEAM = QK56G4MSM3;
				GENERATE_INFOPLIST_FILE = YES;
				INFOPLIST_FILE = ApexStickers/Info.plist;
				INFOPLIST_KEY_NSStickerSharingLevel = OS;
				IPHONEOS_DEPLOYMENT_TARGET = 15.0;
				MARKETING_VERSION = 1.0;
				PRODUCT_BUNDLE_IDENTIFIER = com.bakubaku.JPApexPredators17.ApexStickers;
				PRODUCT_NAME = "$(TARGET_NAME)";
				SKIP_INSTALL = YES;
				SWIFT_EMIT_LOC_STRINGS = YES;
				TARGETED_DEVICE_FAMILY = "1,2";
			};
			name = Release;
		};
/* End XCBuildConfiguration section */

/* Begin XCConfigurationList section */
		CA4BF5242BBCC818003483C0 /* Build configuration list for PBXProject "JPApexPredators17" */ = {
			isa = XCConfigurationList;
			buildConfigurations = (
				CA4BF5352BBCC819003483C0 /* Debug */,
				CA4BF5362BBCC819003483C0 /* Release */,
			);
			defaultConfigurationIsVisible = 0;
			defaultConfigurationName = Release;
		};
		CA4BF5372BBCC819003483C0 /* Build configuration list for PBXNativeTarget "JPApexPredators17" */ = {
			isa = XCConfigurationList;
			buildConfigurations = (
				CA4BF5382BBCC819003483C0 /* Debug */,
				CA4BF5392BBCC819003483C0 /* Release */,
			);
			defaultConfigurationIsVisible = 0;
			defaultConfigurationName = Release;
		};
		CA9283A82BBE09900002C2EA /* Build configuration list for PBXNativeTarget "ApexStickers" */ = {
			isa = XCConfigurationList;
			buildConfigurations = (
				CA9283A92BBE09900002C2EA /* Debug */,
				CA9283AA2BBE09900002C2EA /* Release */,
			);
			defaultConfigurationIsVisible = 0;
			defaultConfigurationName = Release;
		};
/* End XCConfigurationList section */
	};
	rootObject = CA4BF5212BBCC818003483C0 /* Project object */;
}
