// !$*UTF8*$!
{
	archiveVersion = 1;
	classes = {
	};
	objectVersion = 56;
	objects = {

/* Begin PBXBuildFile section */
		CA1CC1072BA1A38B0007CD0D /* AppDelegate.swift in Sources */ = {isa = PBXBuildFile; fileRef = CA1CC1062BA1A38B0007CD0D /* AppDelegate.swift */; };
		CA1CC1092BA1A38B0007CD0D /* SceneDelegate.swift in Sources */ = {isa = PBXBuildFile; fileRef = CA1CC1082BA1A38B0007CD0D /* SceneDelegate.swift */; };
		CA1CC10B2BA1A38B0007CD0D /* ViewController.swift in Sources */ = {isa = PBXBuildFile; fileRef = CA1CC10A2BA1A38B0007CD0D /* ViewController.swift */; };
		CA1CC10E2BA1A38B0007CD0D /* Base in Resources */ = {isa = PBXBuildFile; fileRef = CA1CC10D2BA1A38B0007CD0D /* Base */; };
		CA1CC1102BA1A38C0007CD0D /* Assets.xcassets in Resources */ = {isa = PBXBuildFile; fileRef = CA1CC10F2BA1A38C0007CD0D /* Assets.xcassets */; };
		CA1CC1132BA1A38C0007CD0D /* Base in Resources */ = {isa = PBXBuildFile; fileRef = CA1CC1122BA1A38C0007CD0D /* Base */; };
		CA1CC11C2BA1AE6F0007CD0D /* Cert_BG.PNG in Resources */ = {isa = PBXBuildFile; fileRef = CA1CC11A2BA1AE6F0007CD0D /* Cert_BG.PNG */; };
		CA1CC11D2BA1AE6F0007CD0D /* Cert_Sample.PNG in Resources */ = {isa = PBXBuildFile; fileRef = CA1CC11B2BA1AE6F0007CD0D /* Cert_Sample.PNG */; };
/* End PBXBuildFile section */

/* Begin PBXFileReference section */
		CA1CC1032BA1A38B0007CD0D /* DynamicFont.app */ = {isa = PBXFileReference; explicitFileType = wrapper.application; includeInIndex = 0; path = DynamicFont.app; sourceTree = BUILT_PRODUCTS_DIR; };
		CA1CC1062BA1A38B0007CD0D /* AppDelegate.swift */ = {isa = PBXFileReference; lastKnownFileType = sourcecode.swift; path = AppDelegate.swift; sourceTree = "<group>"; };
		CA1CC1082BA1A38B0007CD0D /* SceneDelegate.swift */ = {isa = PBXFileReference; lastKnownFileType = sourcecode.swift; path = SceneDelegate.swift; sourceTree = "<group>"; };
		CA1CC10A2BA1A38B0007CD0D /* ViewController.swift */ = {isa = PBXFileReference; lastKnownFileType = sourcecode.swift; path = ViewController.swift; sourceTree = "<group>"; };
		CA1CC10D2BA1A38B0007CD0D /* Base */ = {isa = PBXFileReference; lastKnownFileType = file.storyboard; name = Base; path = Base.lproj/Main.storyboard; sourceTree = "<group>"; };
		CA1CC10F2BA1A38C0007CD0D /* Assets.xcassets */ = {isa = PBXFileReference; lastKnownFileType = folder.assetcatalog; path = Assets.xcassets; sourceTree = "<group>"; };
		CA1CC1122BA1A38C0007CD0D /* Base */ = {isa = PBXFileReference; lastKnownFileType = file.storyboard; name = Base; path = Base.lproj/LaunchScreen.storyboard; sourceTree = "<group>"; };
		CA1CC1142BA1A38C0007CD0D /* Info.plist */ = {isa = PBXFileReference; lastKnownFileType = text.plist.xml; path = Info.plist; sourceTree = "<group>"; };
		CA1CC11A2BA1AE6F0007CD0D /* Cert_BG.PNG */ = {isa = PBXFileReference; lastKnownFileType = image.png; path = Cert_BG.PNG; sourceTree = "<group>"; };
		CA1CC11B2BA1AE6F0007CD0D /* Cert_Sample.PNG */ = {isa = PBXFileReference; lastKnownFileType = image.png; path = Cert_Sample.PNG; sourceTree = "<group>"; };
/* End PBXFileReference section */

/* Begin PBXFrameworksBuildPhase section */
		CA1CC1002BA1A38B0007CD0D /* Frameworks */ = {
			isa = PBXFrameworksBuildPhase;
			buildActionMask = 2147483647;
			files = (
			);
			runOnlyForDeploymentPostprocessing = 0;
		};
/* End PBXFrameworksBuildPhase section */

/* Begin PBXGroup section */
		CA1CC0FA2BA1A38B0007CD0D = {
			isa = PBXGroup;
			children = (
				CA1CC1052BA1A38B0007CD0D /* DynamicFont */,
				CA1CC1042BA1A38B0007CD0D /* Products */,
			);
			sourceTree = "<group>";
		};
		CA1CC1042BA1A38B0007CD0D /* Products */ = {
			isa = PBXGroup;
			children = (
				CA1CC1032BA1A38B0007CD0D /* DynamicFont.app */,
			);
			name = Products;
			sourceTree = "<group>";
		};
		CA1CC1052BA1A38B0007CD0D /* DynamicFont */ = {
			isa = PBXGroup;
			children = (
				CA1CC1062BA1A38B0007CD0D /* AppDelegate.swift */,
				CA1CC1082BA1A38B0007CD0D /* SceneDelegate.swift */,
				CA1CC10A2BA1A38B0007CD0D /* ViewController.swift */,
				CA1CC10C2BA1A38B0007CD0D /* Main.storyboard */,
				CA1CC10F2BA1A38C0007CD0D /* Assets.xcassets */,
				CA1CC1112BA1A38C0007CD0D /* LaunchScreen.storyboard */,
				CA1CC1142BA1A38C0007CD0D /* Info.plist */,
				CA1CC11A2BA1AE6F0007CD0D /* Cert_BG.PNG */,
				CA1CC11B2BA1AE6F0007CD0D /* Cert_Sample.PNG */,
			);
			path = DynamicFont;
			sourceTree = "<group>";
		};
/* End PBXGroup section */

/* Begin PBXNativeTarget section */
		CA1CC1022BA1A38B0007CD0D /* DynamicFont */ = {
			isa = PBXNativeTarget;
			buildConfigurationList = CA1CC1172BA1A38C0007CD0D /* Build configuration list for PBXNativeTarget "DynamicFont" */;
			buildPhases = (
				CA1CC0FF2BA1A38B0007CD0D /* Sources */,
				CA1CC1002BA1A38B0007CD0D /* Frameworks */,
				CA1CC1012BA1A38B0007CD0D /* Resources */,
			);
			buildRules = (
			);
			dependencies = (
			);
			name = DynamicFont;
			productName = DynamicFont;
			productReference = CA1CC1032BA1A38B0007CD0D /* DynamicFont.app */;
			productType = "com.apple.product-type.application";
		};
/* End PBXNativeTarget section */

/* Begin PBXProject section */
		CA1CC0FB2BA1A38B0007CD0D /* Project object */ = {
			isa = PBXProject;
			attributes = {
				BuildIndependentTargetsInParallel = 1;
				LastSwiftUpdateCheck = 1530;
				LastUpgradeCheck = 1530;
				TargetAttributes = {
					CA1CC1022BA1A38B0007CD0D = {
						CreatedOnToolsVersion = 15.3;
					};
				};
			};
			buildConfigurationList = CA1CC0FE2BA1A38B0007CD0D /* Build configuration list for PBXProject "DynamicFont" */;
			compatibilityVersion = "Xcode 14.0";
			developmentRegion = en;
			hasScannedForEncodings = 0;
			knownRegions = (
				en,
				Base,
			);
			mainGroup = CA1CC0FA2BA1A38B0007CD0D;
			productRefGroup = CA1CC1042BA1A38B0007CD0D /* Products */;
			projectDirPath = "";
			projectRoot = "";
			targets = (
				CA1CC1022BA1A38B0007CD0D /* DynamicFont */,
			);
		};
/* End PBXProject section */

/* Begin PBXResourcesBuildPhase section */
		CA1CC1012BA1A38B0007CD0D /* Resources */ = {
			isa = PBXResourcesBuildPhase;
			buildActionMask = 2147483647;
			files = (
				CA1CC11D2BA1AE6F0007CD0D /* Cert_Sample.PNG in Resources */,
				CA1CC11C2BA1AE6F0007CD0D /* Cert_BG.PNG in Resources */,
				CA1CC1102BA1A38C0007CD0D /* Assets.xcassets in Resources */,
				CA1CC1132BA1A38C0007CD0D /* Base in Resources */,
				CA1CC10E2BA1A38B0007CD0D /* Base in Resources */,
			);
			runOnlyForDeploymentPostprocessing = 0;
		};
/* End PBXResourcesBuildPhase section */

/* Begin PBXSourcesBuildPhase section */
		CA1CC0FF2BA1A38B0007CD0D /* Sources */ = {
			isa = PBXSourcesBuildPhase;
			buildActionMask = 2147483647;
			files = (
				CA1CC10B2BA1A38B0007CD0D /* ViewController.swift in Sources */,
				CA1CC1072BA1A38B0007CD0D /* AppDelegate.swift in Sources */,
				CA1CC1092BA1A38B0007CD0D /* SceneDelegate.swift in Sources */,
			);
			runOnlyForDeploymentPostprocessing = 0;
		};
/* End PBXSourcesBuildPhase section */

/* Begin PBXVariantGroup section */
		CA1CC10C2BA1A38B0007CD0D /* Main.storyboard */ = {
			isa = PBXVariantGroup;
			children = (
				CA1CC10D2BA1A38B0007CD0D /* Base */,
			);
			name = Main.storyboard;
			sourceTree = "<group>";
		};
		CA1CC1112BA1A38C0007CD0D /* LaunchScreen.storyboard */ = {
			isa = PBXVariantGroup;
			children = (
				CA1CC1122BA1A38C0007CD0D /* Base */,
			);
			name = LaunchScreen.storyboard;
			sourceTree = "<group>";
		};
/* End PBXVariantGroup section */

/* Begin XCBuildConfiguration section */
		CA1CC1152BA1A38C0007CD0D /* Debug */ = {
			isa = XCBuildConfiguration;
			buildSettings = {
				ALWAYS_SEARCH_USER_PATHS = NO;
				ASSETCATALOG_COMPILER_GENERATE_SWIFT_ASSET_SYMBOL_EXTENSIONS = YES;
				CLANG_ANALYZER_NONNULL = YES;
				CLANG_ANALYZER_NUMBER_OBJECT_CONVERSION = YES_AGGRESSIVE;
				CLANG_CXX_LANGUAGE_STANDARD = "gnu++20";
				CLANG_ENABLE_MODULES = YES;
				CLANG_ENABLE_OBJC_ARC = YES;
				CLANG_ENABLE_OBJC_WEAK = YES;
				CLANG_WARN_BLOCK_CAPTURE_AUTORELEASING = YES;
				CLANG_WARN_BOOL_CONVERSION = YES;
				CLANG_WARN_COMMA = YES;
				CLANG_WARN_CONSTANT_CONVERSION = YES;
				CLANG_WARN_DEPRECATED_OBJC_IMPLEMENTATIONS = YES;
				CLANG_WARN_DIRECT_OBJC_ISA_USAGE = YES_ERROR;
				CLANG_WARN_DOCUMENTATION_COMMENTS = YES;
				CLANG_WARN_EMPTY_BODY = YES;
				CLANG_WARN_ENUM_CONVERSION = YES;
				CLANG_WARN_INFINITE_RECURSION = YES;
				CLANG_WARN_INT_CONVERSION = YES;
				CLANG_WARN_NON_LITERAL_NULL_CONVERSION = YES;
				CLANG_WARN_OBJC_IMPLICIT_RETAIN_SELF = YES;
				CLANG_WARN_OBJC_LITERAL_CONVERSION = YES;
				CLANG_WARN_OBJC_ROOT_CLASS = YES_ERROR;
				CLANG_WARN_QUOTED_INCLUDE_IN_FRAMEWORK_HEADER = YES;
				CLANG_WARN_RANGE_LOOP_ANALYSIS = YES;
				CLANG_WARN_STRICT_PROTOTYPES = YES;
				CLANG_WARN_SUSPICIOUS_MOVE = YES;
				CLANG_WARN_UNGUARDED_AVAILABILITY = YES_AGGRESSIVE;
				CLANG_WARN_UNREACHABLE_CODE = YES;
				CLANG_WARN__DUPLICATE_METHOD_MATCH = YES;
				COPY_PHASE_STRIP = NO;
				DEBUG_INFORMATION_FORMAT = dwarf;
				ENABLE_STRICT_OBJC_MSGSEND = YES;
				ENABLE_TESTABILITY = YES;
				ENABLE_USER_SCRIPT_SANDBOXING = YES;
				GCC_C_LANGUAGE_STANDARD = gnu17;
				GCC_DYNAMIC_NO_PIC = NO;
				GCC_NO_COMMON_BLOCKS = YES;
				GCC_OPTIMIZATION_LEVEL = 0;
				GCC_PREPROCESSOR_DEFINITIONS = (
					"DEBUG=1",
					"$(inherited)",
				);
				GCC_WARN_64_TO_32_BIT_CONVERSION = YES;
				GCC_WARN_ABOUT_RETURN_TYPE = YES_ERROR;
				GCC_WARN_UNDECLARED_SELECTOR = YES;
				GCC_WARN_UNINITIALIZED_AUTOS = YES_AGGRESSIVE;
				GCC_WARN_UNUSED_FUNCTION = YES;
				GCC_WARN_UNUSED_VARIABLE = YES;
				IPHONEOS_DEPLOYMENT_TARGET = 17.4;
				LOCALIZATION_PREFERS_STRING_CATALOGS = YES;
				MTL_ENABLE_DEBUG_INFO = INCLUDE_SOURCE;
				MTL_FAST_MATH = YES;
				ONLY_ACTIVE_ARCH = YES;
				SDKROOT = iphoneos;
				SWIFT_ACTIVE_COMPILATION_CONDITIONS = "DEBUG $(inherited)";
				SWIFT_OPTIMIZATION_LEVEL = "-Onone";
			};
			name = Debug;
		};
		CA1CC1162BA1A38C0007CD0D /* Release */ = {
			isa = XCBuildConfiguration;
			buildSettings = {
				ALWAYS_SEARCH_USER_PATHS = NO;
				ASSETCATALOG_COMPILER_GENERATE_SWIFT_ASSET_SYMBOL_EXTENSIONS = YES;
				CLANG_ANALYZER_NONNULL = YES;
				CLANG_ANALYZER_NUMBER_OBJECT_CONVERSION = YES_AGGRESSIVE;
				CLANG_CXX_LANGUAGE_STANDARD = "gnu++20";
				CLANG_ENABLE_MODULES = YES;
				CLANG_ENABLE_OBJC_ARC = YES;
				CLANG_ENABLE_OBJC_WEAK = YES;
				CLANG_WARN_BLOCK_CAPTURE_AUTORELEASING = YES;
				CLANG_WARN_BOOL_CONVERSION = YES;
				CLANG_WARN_COMMA = YES;
				CLANG_WARN_CONSTANT_CONVERSION = YES;
				CLANG_WARN_DEPRECATED_OBJC_IMPLEMENTATIONS = YES;
				CLANG_WARN_DIRECT_OBJC_ISA_USAGE = YES_ERROR;
				CLANG_WARN_DOCUMENTATION_COMMENTS = YES;
				CLANG_WARN_EMPTY_BODY = YES;
				CLANG_WARN_ENUM_CONVERSION = YES;
				CLANG_WARN_INFINITE_RECURSION = YES;
				CLANG_WARN_INT_CONVERSION = YES;
				CLANG_WARN_NON_LITERAL_NULL_CONVERSION = YES;
				CLANG_WARN_OBJC_IMPLICIT_RETAIN_SELF = YES;
				CLANG_WARN_OBJC_LITERAL_CONVERSION = YES;
				CLANG_WARN_OBJC_ROOT_CLASS = YES_ERROR;
				CLANG_WARN_QUOTED_INCLUDE_IN_FRAMEWORK_HEADER = YES;
				CLANG_WARN_RANGE_LOOP_ANALYSIS = YES;
				CLANG_WARN_STRICT_PROTOTYPES = YES;
				CLANG_WARN_SUSPICIOUS_MOVE = YES;
				CLANG_WARN_UNGUARDED_AVAILABILITY = YES_AGGRESSIVE;
				CLANG_WARN_UNREACHABLE_CODE = YES;
				CLANG_WARN__DUPLICATE_METHOD_MATCH = YES;
				COPY_PHASE_STRIP = NO;
				DEBUG_INFORMATION_FORMAT = "dwarf-with-dsym";
				ENABLE_NS_ASSERTIONS = NO;
				ENABLE_STRICT_OBJC_MSGSEND = YES;
				ENABLE_USER_SCRIPT_SANDBOXING = YES;
				GCC_C_LANGUAGE_STANDARD = gnu17;
				GCC_NO_COMMON_BLOCKS = YES;
				GCC_WARN_64_TO_32_BIT_CONVERSION = YES;
				GCC_WARN_ABOUT_RETURN_TYPE = YES_ERROR;
				GCC_WARN_UNDECLARED_SELECTOR = YES;
				GCC_WARN_UNINITIALIZED_AUTOS = YES_AGGRESSIVE;
				GCC_WARN_UNUSED_FUNCTION = YES;
				GCC_WARN_UNUSED_VARIABLE = YES;
				IPHONEOS_DEPLOYMENT_TARGET = 17.4;
				LOCALIZATION_PREFERS_STRING_CATALOGS = YES;
				MTL_ENABLE_DEBUG_INFO = NO;
				MTL_FAST_MATH = YES;
				SDKROOT = iphoneos;
				SWIFT_COMPILATION_MODE = wholemodule;
				VALIDATE_PRODUCT = YES;
			};
			name = Release;
		};
		CA1CC1182BA1A38C0007CD0D /* Debug */ = {
			isa = XCBuildConfiguration;
			buildSettings = {
				ASSETCATALOG_COMPILER_APPICON_NAME = AppIcon;
				ASSETCATALOG_COMPILER_GLOBAL_ACCENT_COLOR_NAME = AccentColor;
				CODE_SIGN_STYLE = Automatic;
				CURRENT_PROJECT_VERSION = 1;
				DEVELOPMENT_TEAM = QK56G4MSM3;
				GENERATE_INFOPLIST_FILE = YES;
				INFOPLIST_FILE = DynamicFont/Info.plist;
				INFOPLIST_KEY_UIApplicationSupportsIndirectInputEvents = YES;
				INFOPLIST_KEY_UILaunchStoryboardName = LaunchScreen;
				INFOPLIST_KEY_UIMainStoryboardFile = Main;
				INFOPLIST_KEY_UISupportedInterfaceOrientations_iPad = "UIInterfaceOrientationPortrait UIInterfaceOrientationPortraitUpsideDown UIInterfaceOrientationLandscapeLeft UIInterfaceOrientationLandscapeRight";
				INFOPLIST_KEY_UISupportedInterfaceOrientations_iPhone = "UIInterfaceOrientationPortrait UIInterfaceOrientationLandscapeLeft UIInterfaceOrientationLandscapeRight";
				LD_RUNPATH_SEARCH_PATHS = (
					"$(inherited)",
					"@executable_path/Frameworks",
				);
				MARKETING_VERSION = 1.0;
				PRODUCT_BUNDLE_IDENTIFIER = com.bakubaku.DynamicFont;
				PRODUCT_NAME = "$(TARGET_NAME)";
				SWIFT_EMIT_LOC_STRINGS = YES;
				SWIFT_VERSION = 5.0;
				TARGETED_DEVICE_FAMILY = "1,2";
			};
			name = Debug;
		};
		CA1CC1192BA1A38C0007CD0D /* Release */ = {
			isa = XCBuildConfiguration;
			buildSettings = {
				ASSETCATALOG_COMPILER_APPICON_NAME = AppIcon;
				ASSETCATALOG_COMPILER_GLOBAL_ACCENT_COLOR_NAME = AccentColor;
				CODE_SIGN_STYLE = Automatic;
				CURRENT_PROJECT_VERSION = 1;
				DEVELOPMENT_TEAM = QK56G4MSM3;
				GENERATE_INFOPLIST_FILE = YES;
				INFOPLIST_FILE = DynamicFont/Info.plist;
				INFOPLIST_KEY_UIApplicationSupportsIndirectInputEvents = YES;
				INFOPLIST_KEY_UILaunchStoryboardName = LaunchScreen;
				INFOPLIST_KEY_UIMainStoryboardFile = Main;
				INFOPLIST_KEY_UISupportedInterfaceOrientations_iPad = "UIInterfaceOrientationPortrait UIInterfaceOrientationPortraitUpsideDown UIInterfaceOrientationLandscapeLeft UIInterfaceOrientationLandscapeRight";
				INFOPLIST_KEY_UISupportedInterfaceOrientations_iPhone = "UIInterfaceOrientationPortrait UIInterfaceOrientationLandscapeLeft UIInterfaceOrientationLandscapeRight";
				LD_RUNPATH_SEARCH_PATHS = (
					"$(inherited)",
					"@executable_path/Frameworks",
				);
				MARKETING_VERSION = 1.0;
				PRODUCT_BUNDLE_IDENTIFIER = com.bakubaku.DynamicFont;
				PRODUCT_NAME = "$(TARGET_NAME)";
				SWIFT_EMIT_LOC_STRINGS = YES;
				SWIFT_VERSION = 5.0;
				TARGETED_DEVICE_FAMILY = "1,2";
			};
			name = Release;
		};
/* End XCBuildConfiguration section */

/* Begin XCConfigurationList section */
		CA1CC0FE2BA1A38B0007CD0D /* Build configuration list for PBXProject "DynamicFont" */ = {
			isa = XCConfigurationList;
			buildConfigurations = (
				CA1CC1152BA1A38C0007CD0D /* Debug */,
				CA1CC1162BA1A38C0007CD0D /* Release */,
			);
			defaultConfigurationIsVisible = 0;
			defaultConfigurationName = Release;
		};
		CA1CC1172BA1A38C0007CD0D /* Build configuration list for PBXNativeTarget "DynamicFont" */ = {
			isa = XCConfigurationList;
			buildConfigurations = (
				CA1CC1182BA1A38C0007CD0D /* Debug */,
				CA1CC1192BA1A38C0007CD0D /* Release */,
			);
			defaultConfigurationIsVisible = 0;
			defaultConfigurationName = Release;
		};
/* End XCConfigurationList section */
	};
	rootObject = CA1CC0FB2BA1A38B0007CD0D /* Project object */;
}
