// !$*UTF8*$!
{
	archiveVersion = 1;
	classes = {
	};
	objectVersion = 56;
	objects = {

/* Begin PBXBuildFile section */
		CA716A1C2B86B09300B5FB87 /* main.swift in Sources */ = {isa = PBXBuildFile; fileRef = CA716A1B2B86B09300B5FB87 /* main.swift */; };
		CA716A232B86B0C000B5FB87 /* AdvancedLiftSupport.swift in Sources */ = {isa = PBXBuildFile; fileRef = CA716A222B86B0C000B5FB87 /* AdvancedLiftSupport.swift */; };
		CA716A252B86B10200B5FB87 /* EmergencyCallHandler.swift in Sources */ = {isa = PBXBuildFile; fileRef = CA716A242B86B10200B5FB87 /* EmergencyCallHandler.swift */; };
		CA716A272B86B15B00B5FB87 /* Parametic.swift in Sources */ = {isa = PBXBuildFile; fileRef = CA716A262B86B15B00B5FB87 /* Parametic.swift */; };
		CA716A292B86B20D00B5FB87 /* Doctor.swift in Sources */ = {isa = PBXBuildFile; fileRef = CA716A282B86B20D00B5FB87 /* Doctor.swift */; };
/* End PBXBuildFile section */

/* Begin PBXCopyFilesBuildPhase section */
		CA716A162B86B09300B5FB87 /* CopyFiles */ = {
			isa = PBXCopyFilesBuildPhase;
			buildActionMask = 2147483647;
			dstPath = /usr/share/man/man1/;
			dstSubfolderSpec = 0;
			files = (
			);
			runOnlyForDeploymentPostprocessing = 1;
		};
/* End PBXCopyFilesBuildPhase section */

/* Begin PBXFileReference section */
		CA716A182B86B09300B5FB87 /* Protocols and Delegates */ = {isa = PBXFileReference; explicitFileType = "compiled.mach-o.executable"; includeInIndex = 0; path = "Protocols and Delegates"; sourceTree = BUILT_PRODUCTS_DIR; };
		CA716A1B2B86B09300B5FB87 /* main.swift */ = {isa = PBXFileReference; lastKnownFileType = sourcecode.swift; path = main.swift; sourceTree = "<group>"; };
		CA716A222B86B0C000B5FB87 /* AdvancedLiftSupport.swift */ = {isa = PBXFileReference; lastKnownFileType = sourcecode.swift; path = AdvancedLiftSupport.swift; sourceTree = "<group>"; };
		CA716A242B86B10200B5FB87 /* EmergencyCallHandler.swift */ = {isa = PBXFileReference; lastKnownFileType = sourcecode.swift; path = EmergencyCallHandler.swift; sourceTree = "<group>"; };
		CA716A262B86B15B00B5FB87 /* Parametic.swift */ = {isa = PBXFileReference; lastKnownFileType = sourcecode.swift; path = Parametic.swift; sourceTree = "<group>"; };
		CA716A282B86B20D00B5FB87 /* Doctor.swift */ = {isa = PBXFileReference; lastKnownFileType = sourcecode.swift; path = Doctor.swift; sourceTree = "<group>"; };
/* End PBXFileReference section */

/* Begin PBXFrameworksBuildPhase section */
		CA716A152B86B09300B5FB87 /* Frameworks */ = {
			isa = PBXFrameworksBuildPhase;
			buildActionMask = 2147483647;
			files = (
			);
			runOnlyForDeploymentPostprocessing = 0;
		};
/* End PBXFrameworksBuildPhase section */

/* Begin PBXGroup section */
		CA716A0F2B86B09300B5FB87 = {
			isa = PBXGroup;
			children = (
				CA716A282B86B20D00B5FB87 /* Doctor.swift */,
				CA716A1A2B86B09300B5FB87 /* Protocols and Delegates */,
				CA716A192B86B09300B5FB87 /* Products */,
			);
			sourceTree = "<group>";
		};
		CA716A192B86B09300B5FB87 /* Products */ = {
			isa = PBXGroup;
			children = (
				CA716A182B86B09300B5FB87 /* Protocols and Delegates */,
			);
			name = Products;
			sourceTree = "<group>";
		};
		CA716A1A2B86B09300B5FB87 /* Protocols and Delegates */ = {
			isa = PBXGroup;
			children = (
				CA716A242B86B10200B5FB87 /* EmergencyCallHandler.swift */,
				CA716A1B2B86B09300B5FB87 /* main.swift */,
				CA716A222B86B0C000B5FB87 /* AdvancedLiftSupport.swift */,
				CA716A262B86B15B00B5FB87 /* Parametic.swift */,
			);
			path = "Protocols and Delegates";
			sourceTree = "<group>";
		};
/* End PBXGroup section */

/* Begin PBXNativeTarget section */
		CA716A172B86B09300B5FB87 /* Protocols and Delegates */ = {
			isa = PBXNativeTarget;
			buildConfigurationList = CA716A1F2B86B09300B5FB87 /* Build configuration list for PBXNativeTarget "Protocols and Delegates" */;
			buildPhases = (
				CA716A142B86B09300B5FB87 /* Sources */,
				CA716A152B86B09300B5FB87 /* Frameworks */,
				CA716A162B86B09300B5FB87 /* CopyFiles */,
			);
			buildRules = (
			);
			dependencies = (
			);
			name = "Protocols and Delegates";
			productName = "Protocols and Delegates";
			productReference = CA716A182B86B09300B5FB87 /* Protocols and Delegates */;
			productType = "com.apple.product-type.tool";
		};
/* End PBXNativeTarget section */

/* Begin PBXProject section */
		CA716A102B86B09300B5FB87 /* Project object */ = {
			isa = PBXProject;
			attributes = {
				BuildIndependentTargetsInParallel = 1;
				LastSwiftUpdateCheck = 1520;
				LastUpgradeCheck = 1520;
				TargetAttributes = {
					CA716A172B86B09300B5FB87 = {
						CreatedOnToolsVersion = 15.2;
					};
				};
			};
			buildConfigurationList = CA716A132B86B09300B5FB87 /* Build configuration list for PBXProject "Protocols and Delegates" */;
			compatibilityVersion = "Xcode 14.0";
			developmentRegion = en;
			hasScannedForEncodings = 0;
			knownRegions = (
				en,
				Base,
			);
			mainGroup = CA716A0F2B86B09300B5FB87;
			productRefGroup = CA716A192B86B09300B5FB87 /* Products */;
			projectDirPath = "";
			projectRoot = "";
			targets = (
				CA716A172B86B09300B5FB87 /* Protocols and Delegates */,
			);
		};
/* End PBXProject section */

/* Begin PBXSourcesBuildPhase section */
		CA716A142B86B09300B5FB87 /* Sources */ = {
			isa = PBXSourcesBuildPhase;
			buildActionMask = 2147483647;
			files = (
				CA716A272B86B15B00B5FB87 /* Parametic.swift in Sources */,
				CA716A292B86B20D00B5FB87 /* Doctor.swift in Sources */,
				CA716A252B86B10200B5FB87 /* EmergencyCallHandler.swift in Sources */,
				CA716A232B86B0C000B5FB87 /* AdvancedLiftSupport.swift in Sources */,
				CA716A1C2B86B09300B5FB87 /* main.swift in Sources */,
			);
			runOnlyForDeploymentPostprocessing = 0;
		};
/* End PBXSourcesBuildPhase section */

/* Begin XCBuildConfiguration section */
		CA716A1D2B86B09300B5FB87 /* Debug */ = {
			isa = XCBuildConfiguration;
			buildSettings = {
				ALWAYS_SEARCH_USER_PATHS = NO;
				ASSETCATALOG_COMPILER_GENERATE_SWIFT_ASSET_SYMBOL_EXTENSIONS = YES;
				CLANG_ANALYZER_NONNULL = YES;
				CLANG_ANALYZER_NUMBER_OBJECT_CONVERSION = YES_AGGRESSIVE;
				CLANG_CXX_LANGUAGE_STANDARD = "gnu++20";
				CLANG_ENABLE_MODULES = YES;
				CLANG_ENABLE_OBJC_ARC = YES;
				CLANG_ENABLE_OBJC_WEAK = YES;
				CLANG_WARN_BLOCK_CAPTURE_AUTORELEASING = YES;
				CLANG_WARN_BOOL_CONVERSION = YES;
				CLANG_WARN_COMMA = YES;
				CLANG_WARN_CONSTANT_CONVERSION = YES;
				CLANG_WARN_DEPRECATED_OBJC_IMPLEMENTATIONS = YES;
				CLANG_WARN_DIRECT_OBJC_ISA_USAGE = YES_ERROR;
				CLANG_WARN_DOCUMENTATION_COMMENTS = YES;
				CLANG_WARN_EMPTY_BODY = YES;
				CLANG_WARN_ENUM_CONVERSION = YES;
				CLANG_WARN_INFINITE_RECURSION = YES;
				CLANG_WARN_INT_CONVERSION = YES;
				CLANG_WARN_NON_LITERAL_NULL_CONVERSION = YES;
				CLANG_WARN_OBJC_IMPLICIT_RETAIN_SELF = YES;
				CLANG_WARN_OBJC_LITERAL_CONVERSION = YES;
				CLANG_WARN_OBJC_ROOT_CLASS = YES_ERROR;
				CLANG_WARN_QUOTED_INCLUDE_IN_FRAMEWORK_HEADER = YES;
				CLANG_WARN_RANGE_LOOP_ANALYSIS = YES;
				CLANG_WARN_STRICT_PROTOTYPES = YES;
				CLANG_WARN_SUSPICIOUS_MOVE = YES;
				CLANG_WARN_UNGUARDED_AVAILABILITY = YES_AGGRESSIVE;
				CLANG_WARN_UNREACHABLE_CODE = YES;
				CLANG_WARN__DUPLICATE_METHOD_MATCH = YES;
				COPY_PHASE_STRIP = NO;
				DEBUG_INFORMATION_FORMAT = dwarf;
				ENABLE_STRICT_OBJC_MSGSEND = YES;
				ENABLE_TESTABILITY = YES;
				ENABLE_USER_SCRIPT_SANDBOXING = YES;
				GCC_C_LANGUAGE_STANDARD = gnu17;
				GCC_DYNAMIC_NO_PIC = NO;
				GCC_NO_COMMON_BLOCKS = YES;
				GCC_OPTIMIZATION_LEVEL = 0;
				GCC_PREPROCESSOR_DEFINITIONS = (
					"DEBUG=1",
					"$(inherited)",
				);
				GCC_WARN_64_TO_32_BIT_CONVERSION = YES;
				GCC_WARN_ABOUT_RETURN_TYPE = YES_ERROR;
				GCC_WARN_UNDECLARED_SELECTOR = YES;
				GCC_WARN_UNINITIALIZED_AUTOS = YES_AGGRESSIVE;
				GCC_WARN_UNUSED_FUNCTION = YES;
				GCC_WARN_UNUSED_VARIABLE = YES;
				LOCALIZATION_PREFERS_STRING_CATALOGS = YES;
				MACOSX_DEPLOYMENT_TARGET = 14.2;
				MTL_ENABLE_DEBUG_INFO = INCLUDE_SOURCE;
				MTL_FAST_MATH = YES;
				ONLY_ACTIVE_ARCH = YES;
				SDKROOT = macosx;
				SWIFT_ACTIVE_COMPILATION_CONDITIONS = "DEBUG $(inherited)";
				SWIFT_OPTIMIZATION_LEVEL = "-Onone";
			};
			name = Debug;
		};
		CA716A1E2B86B09300B5FB87 /* Release */ = {
			isa = XCBuildConfiguration;
			buildSettings = {
				ALWAYS_SEARCH_USER_PATHS = NO;
				ASSETCATALOG_COMPILER_GENERATE_SWIFT_ASSET_SYMBOL_EXTENSIONS = YES;
				CLANG_ANALYZER_NONNULL = YES;
				CLANG_ANALYZER_NUMBER_OBJECT_CONVERSION = YES_AGGRESSIVE;
				CLANG_CXX_LANGUAGE_STANDARD = "gnu++20";
				CLANG_ENABLE_MODULES = YES;
				CLANG_ENABLE_OBJC_ARC = YES;
				CLANG_ENABLE_OBJC_WEAK = YES;
				CLANG_WARN_BLOCK_CAPTURE_AUTORELEASING = YES;
				CLANG_WARN_BOOL_CONVERSION = YES;
				CLANG_WARN_COMMA = YES;
				CLANG_WARN_CONSTANT_CONVERSION = YES;
				CLANG_WARN_DEPRECATED_OBJC_IMPLEMENTATIONS = YES;
				CLANG_WARN_DIRECT_OBJC_ISA_USAGE = YES_ERROR;
				CLANG_WARN_DOCUMENTATION_COMMENTS = YES;
				CLANG_WARN_EMPTY_BODY = YES;
				CLANG_WARN_ENUM_CONVERSION = YES;
				CLANG_WARN_INFINITE_RECURSION = YES;
				CLANG_WARN_INT_CONVERSION = YES;
				CLANG_WARN_NON_LITERAL_NULL_CONVERSION = YES;
				CLANG_WARN_OBJC_IMPLICIT_RETAIN_SELF = YES;
				CLANG_WARN_OBJC_LITERAL_CONVERSION = YES;
				CLANG_WARN_OBJC_ROOT_CLASS = YES_ERROR;
				CLANG_WARN_QUOTED_INCLUDE_IN_FRAMEWORK_HEADER = YES;
				CLANG_WARN_RANGE_LOOP_ANALYSIS = YES;
				CLANG_WARN_STRICT_PROTOTYPES = YES;
				CLANG_WARN_SUSPICIOUS_MOVE = YES;
				CLANG_WARN_UNGUARDED_AVAILABILITY = YES_AGGRESSIVE;
				CLANG_WARN_UNREACHABLE_CODE = YES;
				CLANG_WARN__DUPLICATE_METHOD_MATCH = YES;
				COPY_PHASE_STRIP = NO;
				DEBUG_INFORMATION_FORMAT = "dwarf-with-dsym";
				ENABLE_NS_ASSERTIONS = NO;
				ENABLE_STRICT_OBJC_MSGSEND = YES;
				ENABLE_USER_SCRIPT_SANDBOXING = YES;
				GCC_C_LANGUAGE_STANDARD = gnu17;
				GCC_NO_COMMON_BLOCKS = YES;
				GCC_WARN_64_TO_32_BIT_CONVERSION = YES;
				GCC_WARN_ABOUT_RETURN_TYPE = YES_ERROR;
				GCC_WARN_UNDECLARED_SELECTOR = YES;
				GCC_WARN_UNINITIALIZED_AUTOS = YES_AGGRESSIVE;
				GCC_WARN_UNUSED_FUNCTION = YES;
				GCC_WARN_UNUSED_VARIABLE = YES;
				LOCALIZATION_PREFERS_STRING_CATALOGS = YES;
				MACOSX_DEPLOYMENT_TARGET = 14.2;
				MTL_ENABLE_DEBUG_INFO = NO;
				MTL_FAST_MATH = YES;
				SDKROOT = macosx;
				SWIFT_COMPILATION_MODE = wholemodule;
			};
			name = Release;
		};
		CA716A202B86B09300B5FB87 /* Debug */ = {
			isa = XCBuildConfiguration;
			buildSettings = {
				CODE_SIGN_STYLE = Automatic;
				DEVELOPMENT_TEAM = QK56G4MSM3;
				ENABLE_HARDENED_RUNTIME = YES;
				PRODUCT_NAME = "$(TARGET_NAME)";
				SWIFT_VERSION = 5.0;
			};
			name = Debug;
		};
		CA716A212B86B09300B5FB87 /* Release */ = {
			isa = XCBuildConfiguration;
			buildSettings = {
				CODE_SIGN_STYLE = Automatic;
				DEVELOPMENT_TEAM = QK56G4MSM3;
				ENABLE_HARDENED_RUNTIME = YES;
				PRODUCT_NAME = "$(TARGET_NAME)";
				SWIFT_VERSION = 5.0;
			};
			name = Release;
		};
/* End XCBuildConfiguration section */

/* Begin XCConfigurationList section */
		CA716A132B86B09300B5FB87 /* Build configuration list for PBXProject "Protocols and Delegates" */ = {
			isa = XCConfigurationList;
			buildConfigurations = (
				CA716A1D2B86B09300B5FB87 /* Debug */,
				CA716A1E2B86B09300B5FB87 /* Release */,
			);
			defaultConfigurationIsVisible = 0;
			defaultConfigurationName = Release;
		};
		CA716A1F2B86B09300B5FB87 /* Build configuration list for PBXNativeTarget "Protocols and Delegates" */ = {
			isa = XCConfigurationList;
			buildConfigurations = (
				CA716A202B86B09300B5FB87 /* Debug */,
				CA716A212B86B09300B5FB87 /* Release */,
			);
			defaultConfigurationIsVisible = 0;
			defaultConfigurationName = Release;
		};
/* End XCConfigurationList section */
	};
	rootObject = CA716A102B86B09300B5FB87 /* Project object */;
}
