// !$*UTF8*$!
{
	archiveVersion = 1;
	classes = {
	};
	objectVersion = 56;
	objects = {

/* Begin PBXBuildFile section */
		CAA6CEB02B9D1F9E003488F4 /* jigyo_swimming.mp4 in Resources */ = {isa = PBXBuildFile; fileRef = CAA6CEAF2B9D1F9E003488F4 /* jigyo_swimming.mp4 */; };
		CAA6CEB22B9D255E003488F4 /* jigyo_woojin.mp4 in Resources */ = {isa = PBXBuildFile; fileRef = CAA6CEB12B9D255D003488F4 /* jigyo_woojin.mp4 */; };
		CAFF35882B9D1EB4003C2937 /* AppDelegate.swift in Sources */ = {isa = PBXBuildFile; fileRef = CAFF35872B9D1EB4003C2937 /* AppDelegate.swift */; };
		CAFF358A2B9D1EB4003C2937 /* art.scnassets in Resources */ = {isa = PBXBuildFile; fileRef = CAFF35892B9D1EB4003C2937 /* art.scnassets */; };
		CAFF358C2B9D1EB4003C2937 /* ViewController.swift in Sources */ = {isa = PBXBuildFile; fileRef = CAFF358B2B9D1EB4003C2937 /* ViewController.swift */; };
		CAFF358F2B9D1EB4003C2937 /* Base in Resources */ = {isa = PBXBuildFile; fileRef = CAFF358E2B9D1EB4003C2937 /* Base */; };
		CAFF35912B9D1EB5003C2937 /* Assets.xcassets in Resources */ = {isa = PBXBuildFile; fileRef = CAFF35902B9D1EB5003C2937 /* Assets.xcassets */; };
		CAFF35942B9D1EB5003C2937 /* Base in Resources */ = {isa = PBXBuildFile; fileRef = CAFF35932B9D1EB5003C2937 /* Base */; };
/* End PBXBuildFile section */

/* Begin PBXFileReference section */
		CAA6CEAF2B9D1F9E003488F4 /* jigyo_swimming.mp4 */ = {isa = PBXFileReference; lastKnownFileType = file; path = jigyo_swimming.mp4; sourceTree = "<group>"; };
		CAA6CEB12B9D255D003488F4 /* jigyo_woojin.mp4 */ = {isa = PBXFileReference; lastKnownFileType = file; path = jigyo_woojin.mp4; sourceTree = "<group>"; };
		CAFF35842B9D1EB4003C2937 /* Newspaper.app */ = {isa = PBXFileReference; explicitFileType = wrapper.application; includeInIndex = 0; path = Newspaper.app; sourceTree = BUILT_PRODUCTS_DIR; };
		CAFF35872B9D1EB4003C2937 /* AppDelegate.swift */ = {isa = PBXFileReference; lastKnownFileType = sourcecode.swift; path = AppDelegate.swift; sourceTree = "<group>"; };
		CAFF35892B9D1EB4003C2937 /* art.scnassets */ = {isa = PBXFileReference; lastKnownFileType = wrapper.scnassets; path = art.scnassets; sourceTree = "<group>"; };
		CAFF358B2B9D1EB4003C2937 /* ViewController.swift */ = {isa = PBXFileReference; lastKnownFileType = sourcecode.swift; path = ViewController.swift; sourceTree = "<group>"; };
		CAFF358E2B9D1EB4003C2937 /* Base */ = {isa = PBXFileReference; lastKnownFileType = file.storyboard; name = Base; path = Base.lproj/Main.storyboard; sourceTree = "<group>"; };
		CAFF35902B9D1EB5003C2937 /* Assets.xcassets */ = {isa = PBXFileReference; lastKnownFileType = folder.assetcatalog; path = Assets.xcassets; sourceTree = "<group>"; };
		CAFF35932B9D1EB5003C2937 /* Base */ = {isa = PBXFileReference; lastKnownFileType = file.storyboard; name = Base; path = Base.lproj/LaunchScreen.storyboard; sourceTree = "<group>"; };
/* End PBXFileReference section */

/* Begin PBXFrameworksBuildPhase section */
		CAFF35812B9D1EB4003C2937 /* Frameworks */ = {
			isa = PBXFrameworksBuildPhase;
			buildActionMask = 2147483647;
			files = (
			);
			runOnlyForDeploymentPostprocessing = 0;
		};
/* End PBXFrameworksBuildPhase section */

/* Begin PBXGroup section */
		CAFF357B2B9D1EB3003C2937 = {
			isa = PBXGroup;
			children = (
				CAFF35862B9D1EB4003C2937 /* Newspaper */,
				CAFF35852B9D1EB4003C2937 /* Products */,
			);
			sourceTree = "<group>";
		};
		CAFF35852B9D1EB4003C2937 /* Products */ = {
			isa = PBXGroup;
			children = (
				CAFF35842B9D1EB4003C2937 /* Newspaper.app */,
			);
			name = Products;
			sourceTree = "<group>";
		};
		CAFF35862B9D1EB4003C2937 /* Newspaper */ = {
			isa = PBXGroup;
			children = (
				CAA6CEAF2B9D1F9E003488F4 /* jigyo_swimming.mp4 */,
				CAA6CEB12B9D255D003488F4 /* jigyo_woojin.mp4 */,
				CAFF35872B9D1EB4003C2937 /* AppDelegate.swift */,
				CAFF35892B9D1EB4003C2937 /* art.scnassets */,
				CAFF358B2B9D1EB4003C2937 /* ViewController.swift */,
				CAFF358D2B9D1EB4003C2937 /* Main.storyboard */,
				CAFF35902B9D1EB5003C2937 /* Assets.xcassets */,
				CAFF35922B9D1EB5003C2937 /* LaunchScreen.storyboard */,
			);
			path = Newspaper;
			sourceTree = "<group>";
		};
/* End PBXGroup section */

/* Begin PBXNativeTarget section */
		CAFF35832B9D1EB4003C2937 /* Newspaper */ = {
			isa = PBXNativeTarget;
			buildConfigurationList = CAFF35972B9D1EB5003C2937 /* Build configuration list for PBXNativeTarget "Newspaper" */;
			buildPhases = (
				CAFF35802B9D1EB4003C2937 /* Sources */,
				CAFF35812B9D1EB4003C2937 /* Frameworks */,
				CAFF35822B9D1EB4003C2937 /* Resources */,
			);
			buildRules = (
			);
			dependencies = (
			);
			name = Newspaper;
			productName = Newspaper;
			productReference = CAFF35842B9D1EB4003C2937 /* Newspaper.app */;
			productType = "com.apple.product-type.application";
		};
/* End PBXNativeTarget section */

/* Begin PBXProject section */
		CAFF357C2B9D1EB3003C2937 /* Project object */ = {
			isa = PBXProject;
			attributes = {
				BuildIndependentTargetsInParallel = 1;
				LastSwiftUpdateCheck = 1530;
				LastUpgradeCheck = 1530;
				TargetAttributes = {
					CAFF35832B9D1EB4003C2937 = {
						CreatedOnToolsVersion = 15.3;
					};
				};
			};
			buildConfigurationList = CAFF357F2B9D1EB3003C2937 /* Build configuration list for PBXProject "Newspaper" */;
			compatibilityVersion = "Xcode 14.0";
			developmentRegion = en;
			hasScannedForEncodings = 0;
			knownRegions = (
				en,
				Base,
			);
			mainGroup = CAFF357B2B9D1EB3003C2937;
			productRefGroup = CAFF35852B9D1EB4003C2937 /* Products */;
			projectDirPath = "";
			projectRoot = "";
			targets = (
				CAFF35832B9D1EB4003C2937 /* Newspaper */,
			);
		};
/* End PBXProject section */

/* Begin PBXResourcesBuildPhase section */
		CAFF35822B9D1EB4003C2937 /* Resources */ = {
			isa = PBXResourcesBuildPhase;
			buildActionMask = 2147483647;
			files = (
				CAFF358A2B9D1EB4003C2937 /* art.scnassets in Resources */,
				CAFF35912B9D1EB5003C2937 /* Assets.xcassets in Resources */,
				CAA6CEB22B9D255E003488F4 /* jigyo_woojin.mp4 in Resources */,
				CAFF358F2B9D1EB4003C2937 /* Base in Resources */,
				CAFF35942B9D1EB5003C2937 /* Base in Resources */,
				CAA6CEB02B9D1F9E003488F4 /* jigyo_swimming.mp4 in Resources */,
			);
			runOnlyForDeploymentPostprocessing = 0;
		};
/* End PBXResourcesBuildPhase section */

/* Begin PBXSourcesBuildPhase section */
		CAFF35802B9D1EB4003C2937 /* Sources */ = {
			isa = PBXSourcesBuildPhase;
			buildActionMask = 2147483647;
			files = (
				CAFF358C2B9D1EB4003C2937 /* ViewController.swift in Sources */,
				CAFF35882B9D1EB4003C2937 /* AppDelegate.swift in Sources */,
			);
			runOnlyForDeploymentPostprocessing = 0;
		};
/* End PBXSourcesBuildPhase section */

/* Begin PBXVariantGroup section */
		CAFF358D2B9D1EB4003C2937 /* Main.storyboard */ = {
			isa = PBXVariantGroup;
			children = (
				CAFF358E2B9D1EB4003C2937 /* Base */,
			);
			name = Main.storyboard;
			sourceTree = "<group>";
		};
		CAFF35922B9D1EB5003C2937 /* LaunchScreen.storyboard */ = {
			isa = PBXVariantGroup;
			children = (
				CAFF35932B9D1EB5003C2937 /* Base */,
			);
			name = LaunchScreen.storyboard;
			sourceTree = "<group>";
		};
/* End PBXVariantGroup section */

/* Begin XCBuildConfiguration section */
		CAFF35952B9D1EB5003C2937 /* Debug */ = {
			isa = XCBuildConfiguration;
			buildSettings = {
				ALWAYS_SEARCH_USER_PATHS = NO;
				ASSETCATALOG_COMPILER_GENERATE_SWIFT_ASSET_SYMBOL_EXTENSIONS = YES;
				CLANG_ANALYZER_NONNULL = YES;
				CLANG_ANALYZER_NUMBER_OBJECT_CONVERSION = YES_AGGRESSIVE;
				CLANG_CXX_LANGUAGE_STANDARD = "gnu++20";
				CLANG_ENABLE_MODULES = YES;
				CLANG_ENABLE_OBJC_ARC = YES;
				CLANG_ENABLE_OBJC_WEAK = YES;
				CLANG_WARN_BLOCK_CAPTURE_AUTORELEASING = YES;
				CLANG_WARN_BOOL_CONVERSION = YES;
				CLANG_WARN_COMMA = YES;
				CLANG_WARN_CONSTANT_CONVERSION = YES;
				CLANG_WARN_DEPRECATED_OBJC_IMPLEMENTATIONS = YES;
				CLANG_WARN_DIRECT_OBJC_ISA_USAGE = YES_ERROR;
				CLANG_WARN_DOCUMENTATION_COMMENTS = YES;
				CLANG_WARN_EMPTY_BODY = YES;
				CLANG_WARN_ENUM_CONVERSION = YES;
				CLANG_WARN_INFINITE_RECURSION = YES;
				CLANG_WARN_INT_CONVERSION = YES;
				CLANG_WARN_NON_LITERAL_NULL_CONVERSION = YES;
				CLANG_WARN_OBJC_IMPLICIT_RETAIN_SELF = YES;
				CLANG_WARN_OBJC_LITERAL_CONVERSION = YES;
				CLANG_WARN_OBJC_ROOT_CLASS = YES_ERROR;
				CLANG_WARN_QUOTED_INCLUDE_IN_FRAMEWORK_HEADER = YES;
				CLANG_WARN_RANGE_LOOP_ANALYSIS = YES;
				CLANG_WARN_STRICT_PROTOTYPES = YES;
				CLANG_WARN_SUSPICIOUS_MOVE = YES;
				CLANG_WARN_UNGUARDED_AVAILABILITY = YES_AGGRESSIVE;
				CLANG_WARN_UNREACHABLE_CODE = YES;
				CLANG_WARN__DUPLICATE_METHOD_MATCH = YES;
				COPY_PHASE_STRIP = NO;
				DEBUG_INFORMATION_FORMAT = dwarf;
				ENABLE_STRICT_OBJC_MSGSEND = YES;
				ENABLE_TESTABILITY = YES;
				ENABLE_USER_SCRIPT_SANDBOXING = YES;
				GCC_C_LANGUAGE_STANDARD = gnu17;
				GCC_DYNAMIC_NO_PIC = NO;
				GCC_NO_COMMON_BLOCKS = YES;
				GCC_OPTIMIZATION_LEVEL = 0;
				GCC_PREPROCESSOR_DEFINITIONS = (
					"DEBUG=1",
					"$(inherited)",
				);
				GCC_WARN_64_TO_32_BIT_CONVERSION = YES;
				GCC_WARN_ABOUT_RETURN_TYPE = YES_ERROR;
				GCC_WARN_UNDECLARED_SELECTOR = YES;
				GCC_WARN_UNINITIALIZED_AUTOS = YES_AGGRESSIVE;
				GCC_WARN_UNUSED_FUNCTION = YES;
				GCC_WARN_UNUSED_VARIABLE = YES;
				IPHONEOS_DEPLOYMENT_TARGET = 17.0;
				LOCALIZATION_PREFERS_STRING_CATALOGS = YES;
				MTL_ENABLE_DEBUG_INFO = INCLUDE_SOURCE;
				MTL_FAST_MATH = YES;
				ONLY_ACTIVE_ARCH = YES;
				SDKROOT = iphoneos;
				SWIFT_ACTIVE_COMPILATION_CONDITIONS = "DEBUG $(inherited)";
				SWIFT_OPTIMIZATION_LEVEL = "-Onone";
			};
			name = Debug;
		};
		CAFF35962B9D1EB5003C2937 /* Release */ = {
			isa = XCBuildConfiguration;
			buildSettings = {
				ALWAYS_SEARCH_USER_PATHS = NO;
				ASSETCATALOG_COMPILER_GENERATE_SWIFT_ASSET_SYMBOL_EXTENSIONS = YES;
				CLANG_ANALYZER_NONNULL = YES;
				CLANG_ANALYZER_NUMBER_OBJECT_CONVERSION = YES_AGGRESSIVE;
				CLANG_CXX_LANGUAGE_STANDARD = "gnu++20";
				CLANG_ENABLE_MODULES = YES;
				CLANG_ENABLE_OBJC_ARC = YES;
				CLANG_ENABLE_OBJC_WEAK = YES;
				CLANG_WARN_BLOCK_CAPTURE_AUTORELEASING = YES;
				CLANG_WARN_BOOL_CONVERSION = YES;
				CLANG_WARN_COMMA = YES;
				CLANG_WARN_CONSTANT_CONVERSION = YES;
				CLANG_WARN_DEPRECATED_OBJC_IMPLEMENTATIONS = YES;
				CLANG_WARN_DIRECT_OBJC_ISA_USAGE = YES_ERROR;
				CLANG_WARN_DOCUMENTATION_COMMENTS = YES;
				CLANG_WARN_EMPTY_BODY = YES;
				CLANG_WARN_ENUM_CONVERSION = YES;
				CLANG_WARN_INFINITE_RECURSION = YES;
				CLANG_WARN_INT_CONVERSION = YES;
				CLANG_WARN_NON_LITERAL_NULL_CONVERSION = YES;
				CLANG_WARN_OBJC_IMPLICIT_RETAIN_SELF = YES;
				CLANG_WARN_OBJC_LITERAL_CONVERSION = YES;
				CLANG_WARN_OBJC_ROOT_CLASS = YES_ERROR;
				CLANG_WARN_QUOTED_INCLUDE_IN_FRAMEWORK_HEADER = YES;
				CLANG_WARN_RANGE_LOOP_ANALYSIS = YES;
				CLANG_WARN_STRICT_PROTOTYPES = YES;
				CLANG_WARN_SUSPICIOUS_MOVE = YES;
				CLANG_WARN_UNGUARDED_AVAILABILITY = YES_AGGRESSIVE;
				CLANG_WARN_UNREACHABLE_CODE = YES;
				CLANG_WARN__DUPLICATE_METHOD_MATCH = YES;
				COPY_PHASE_STRIP = NO;
				DEBUG_INFORMATION_FORMAT = "dwarf-with-dsym";
				ENABLE_NS_ASSERTIONS = NO;
				ENABLE_STRICT_OBJC_MSGSEND = YES;
				ENABLE_USER_SCRIPT_SANDBOXING = YES;
				GCC_C_LANGUAGE_STANDARD = gnu17;
				GCC_NO_COMMON_BLOCKS = YES;
				GCC_WARN_64_TO_32_BIT_CONVERSION = YES;
				GCC_WARN_ABOUT_RETURN_TYPE = YES_ERROR;
				GCC_WARN_UNDECLARED_SELECTOR = YES;
				GCC_WARN_UNINITIALIZED_AUTOS = YES_AGGRESSIVE;
				GCC_WARN_UNUSED_FUNCTION = YES;
				GCC_WARN_UNUSED_VARIABLE = YES;
				IPHONEOS_DEPLOYMENT_TARGET = 17.0;
				LOCALIZATION_PREFERS_STRING_CATALOGS = YES;
				MTL_ENABLE_DEBUG_INFO = NO;
				MTL_FAST_MATH = YES;
				SDKROOT = iphoneos;
				SWIFT_COMPILATION_MODE = wholemodule;
				VALIDATE_PRODUCT = YES;
			};
			name = Release;
		};
		CAFF35982B9D1EB5003C2937 /* Debug */ = {
			isa = XCBuildConfiguration;
			buildSettings = {
				ASSETCATALOG_COMPILER_APPICON_NAME = AppIcon;
				ASSETCATALOG_COMPILER_GLOBAL_ACCENT_COLOR_NAME = AccentColor;
				CODE_SIGN_STYLE = Automatic;
				CURRENT_PROJECT_VERSION = 1;
				DEVELOPMENT_TEAM = QK56G4MSM3;
				GENERATE_INFOPLIST_FILE = YES;
				INFOPLIST_KEY_NSCameraUsageDescription = "";
				INFOPLIST_KEY_UIApplicationSupportsIndirectInputEvents = YES;
				INFOPLIST_KEY_UILaunchStoryboardName = LaunchScreen;
				INFOPLIST_KEY_UIMainStoryboardFile = Main;
				INFOPLIST_KEY_UIRequiredDeviceCapabilities = arkit;
				INFOPLIST_KEY_UIStatusBarHidden = YES;
				INFOPLIST_KEY_UISupportedInterfaceOrientations_iPad = "UIInterfaceOrientationPortrait UIInterfaceOrientationPortraitUpsideDown UIInterfaceOrientationLandscapeLeft UIInterfaceOrientationLandscapeRight";
				INFOPLIST_KEY_UISupportedInterfaceOrientations_iPhone = "UIInterfaceOrientationPortrait UIInterfaceOrientationLandscapeLeft UIInterfaceOrientationLandscapeRight";
				IPHONEOS_DEPLOYMENT_TARGET = 17.0;
				LD_RUNPATH_SEARCH_PATHS = (
					"$(inherited)",
					"@executable_path/Frameworks",
				);
				MARKETING_VERSION = 1.0;
				PRODUCT_BUNDLE_IDENTIFIER = com.bakubaku.Newspaper;
				PRODUCT_NAME = "$(TARGET_NAME)";
				SWIFT_EMIT_LOC_STRINGS = YES;
				SWIFT_VERSION = 5.0;
				TARGETED_DEVICE_FAMILY = "1,2";
			};
			name = Debug;
		};
		CAFF35992B9D1EB5003C2937 /* Release */ = {
			isa = XCBuildConfiguration;
			buildSettings = {
				ASSETCATALOG_COMPILER_APPICON_NAME = AppIcon;
				ASSETCATALOG_COMPILER_GLOBAL_ACCENT_COLOR_NAME = AccentColor;
				CODE_SIGN_STYLE = Automatic;
				CURRENT_PROJECT_VERSION = 1;
				DEVELOPMENT_TEAM = QK56G4MSM3;
				GENERATE_INFOPLIST_FILE = YES;
				INFOPLIST_KEY_NSCameraUsageDescription = "";
				INFOPLIST_KEY_UIApplicationSupportsIndirectInputEvents = YES;
				INFOPLIST_KEY_UILaunchStoryboardName = LaunchScreen;
				INFOPLIST_KEY_UIMainStoryboardFile = Main;
				INFOPLIST_KEY_UIRequiredDeviceCapabilities = arkit;
				INFOPLIST_KEY_UIStatusBarHidden = YES;
				INFOPLIST_KEY_UISupportedInterfaceOrientations_iPad = "UIInterfaceOrientationPortrait UIInterfaceOrientationPortraitUpsideDown UIInterfaceOrientationLandscapeLeft UIInterfaceOrientationLandscapeRight";
				INFOPLIST_KEY_UISupportedInterfaceOrientations_iPhone = "UIInterfaceOrientationPortrait UIInterfaceOrientationLandscapeLeft UIInterfaceOrientationLandscapeRight";
				IPHONEOS_DEPLOYMENT_TARGET = 17.0;
				LD_RUNPATH_SEARCH_PATHS = (
					"$(inherited)",
					"@executable_path/Frameworks",
				);
				MARKETING_VERSION = 1.0;
				PRODUCT_BUNDLE_IDENTIFIER = com.bakubaku.Newspaper;
				PRODUCT_NAME = "$(TARGET_NAME)";
				SWIFT_EMIT_LOC_STRINGS = YES;
				SWIFT_VERSION = 5.0;
				TARGETED_DEVICE_FAMILY = "1,2";
			};
			name = Release;
		};
/* End XCBuildConfiguration section */

/* Begin XCConfigurationList section */
		CAFF357F2B9D1EB3003C2937 /* Build configuration list for PBXProject "Newspaper" */ = {
			isa = XCConfigurationList;
			buildConfigurations = (
				CAFF35952B9D1EB5003C2937 /* Debug */,
				CAFF35962B9D1EB5003C2937 /* Release */,
			);
			defaultConfigurationIsVisible = 0;
			defaultConfigurationName = Release;
		};
		CAFF35972B9D1EB5003C2937 /* Build configuration list for PBXNativeTarget "Newspaper" */ = {
			isa = XCConfigurationList;
			buildConfigurations = (
				CAFF35982B9D1EB5003C2937 /* Debug */,
				CAFF35992B9D1EB5003C2937 /* Release */,
			);
			defaultConfigurationIsVisible = 0;
			defaultConfigurationName = Release;
		};
/* End XCConfigurationList section */
	};
	rootObject = CAFF357C2B9D1EB3003C2937 /* Project object */;
}
