// !$*UTF8*$!
{
	archiveVersion = 1;
	classes = {
	};
	objectVersion = 56;
	objects = {

/* Begin PBXBuildFile section */
		CA44A7B92BA27AF100978394 /* AppDelegate.swift in Sources */ = {isa = PBXBuildFile; fileRef = CA44A7B82BA27AF100978394 /* AppDelegate.swift */; };
		CA44A7BB2BA27AF100978394 /* SceneDelegate.swift in Sources */ = {isa = PBXBuildFile; fileRef = CA44A7BA2BA27AF100978394 /* SceneDelegate.swift */; };
		CA44A7BD2BA27AF100978394 /* ViewController.swift in Sources */ = {isa = PBXBuildFile; fileRef = CA44A7BC2BA27AF100978394 /* ViewController.swift */; };
		CA44A7C02BA27AF100978394 /* Base in Resources */ = {isa = PBXBuildFile; fileRef = CA44A7BF2BA27AF100978394 /* Base */; };
		CA44A7C22BA27AF200978394 /* Assets.xcassets in Resources */ = {isa = PBXBuildFile; fileRef = CA44A7C12BA27AF200978394 /* Assets.xcassets */; };
		CA44A7C52BA27AF200978394 /* Base in Resources */ = {isa = PBXBuildFile; fileRef = CA44A7C42BA27AF200978394 /* Base */; };
		CA44A7D02BA27B3200978394 /* food1.png in Resources */ = {isa = PBXBuildFile; fileRef = CA44A7CC2BA27B3200978394 /* food1.png */; };
		CA44A7D12BA27B3200978394 /* add_icon_green.png in Resources */ = {isa = PBXBuildFile; fileRef = CA44A7CD2BA27B3200978394 /* add_icon_green.png */; };
		CA44A7D22BA27B3200978394 /* food3.png in Resources */ = {isa = PBXBuildFile; fileRef = CA44A7CE2BA27B3200978394 /* food3.png */; };
		CA44A7D32BA27B3200978394 /* food2.png in Resources */ = {isa = PBXBuildFile; fileRef = CA44A7CF2BA27B3200978394 /* food2.png */; };
		CA44A7D52BA27B4300978394 /* WeatherBG_Moon.png in Resources */ = {isa = PBXBuildFile; fileRef = CA44A7D42BA27B4300978394 /* WeatherBG_Moon.png */; };
		CA44A7D72BA2862900978394 /* FloatingButtonContoller.swift in Sources */ = {isa = PBXBuildFile; fileRef = CA44A7D62BA2862900978394 /* FloatingButtonContoller.swift */; };
/* End PBXBuildFile section */

/* Begin PBXFileReference section */
		CA44A7B52BA27AF100978394 /* FloatingButton.app */ = {isa = PBXFileReference; explicitFileType = wrapper.application; includeInIndex = 0; path = FloatingButton.app; sourceTree = BUILT_PRODUCTS_DIR; };
		CA44A7B82BA27AF100978394 /* AppDelegate.swift */ = {isa = PBXFileReference; lastKnownFileType = sourcecode.swift; path = AppDelegate.swift; sourceTree = "<group>"; };
		CA44A7BA2BA27AF100978394 /* SceneDelegate.swift */ = {isa = PBXFileReference; lastKnownFileType = sourcecode.swift; path = SceneDelegate.swift; sourceTree = "<group>"; };
		CA44A7BC2BA27AF100978394 /* ViewController.swift */ = {isa = PBXFileReference; lastKnownFileType = sourcecode.swift; path = ViewController.swift; sourceTree = "<group>"; };
		CA44A7BF2BA27AF100978394 /* Base */ = {isa = PBXFileReference; lastKnownFileType = file.storyboard; name = Base; path = Base.lproj/Main.storyboard; sourceTree = "<group>"; };
		CA44A7C12BA27AF200978394 /* Assets.xcassets */ = {isa = PBXFileReference; lastKnownFileType = folder.assetcatalog; path = Assets.xcassets; sourceTree = "<group>"; };
		CA44A7C42BA27AF200978394 /* Base */ = {isa = PBXFileReference; lastKnownFileType = file.storyboard; name = Base; path = Base.lproj/LaunchScreen.storyboard; sourceTree = "<group>"; };
		CA44A7C62BA27AF200978394 /* Info.plist */ = {isa = PBXFileReference; lastKnownFileType = text.plist.xml; path = Info.plist; sourceTree = "<group>"; };
		CA44A7CC2BA27B3200978394 /* food1.png */ = {isa = PBXFileReference; lastKnownFileType = image.png; path = food1.png; sourceTree = "<group>"; };
		CA44A7CD2BA27B3200978394 /* add_icon_green.png */ = {isa = PBXFileReference; lastKnownFileType = image.png; path = add_icon_green.png; sourceTree = "<group>"; };
		CA44A7CE2BA27B3200978394 /* food3.png */ = {isa = PBXFileReference; lastKnownFileType = image.png; path = food3.png; sourceTree = "<group>"; };
		CA44A7CF2BA27B3200978394 /* food2.png */ = {isa = PBXFileReference; lastKnownFileType = image.png; path = food2.png; sourceTree = "<group>"; };
		CA44A7D42BA27B4300978394 /* WeatherBG_Moon.png */ = {isa = PBXFileReference; lastKnownFileType = image.png; path = WeatherBG_Moon.png; sourceTree = "<group>"; };
		CA44A7D62BA2862900978394 /* FloatingButtonContoller.swift */ = {isa = PBXFileReference; lastKnownFileType = sourcecode.swift; path = FloatingButtonContoller.swift; sourceTree = "<group>"; };
/* End PBXFileReference section */

/* Begin PBXFrameworksBuildPhase section */
		CA44A7B22BA27AF100978394 /* Frameworks */ = {
			isa = PBXFrameworksBuildPhase;
			buildActionMask = 2147483647;
			files = (
			);
			runOnlyForDeploymentPostprocessing = 0;
		};
/* End PBXFrameworksBuildPhase section */

/* Begin PBXGroup section */
		CA44A7AC2BA27AF100978394 = {
			isa = PBXGroup;
			children = (
				CA44A7B72BA27AF100978394 /* FloatingButton */,
				CA44A7B62BA27AF100978394 /* Products */,
			);
			sourceTree = "<group>";
		};
		CA44A7B62BA27AF100978394 /* Products */ = {
			isa = PBXGroup;
			children = (
				CA44A7B52BA27AF100978394 /* FloatingButton.app */,
			);
			name = Products;
			sourceTree = "<group>";
		};
		CA44A7B72BA27AF100978394 /* FloatingButton */ = {
			isa = PBXGroup;
			children = (
				CA44A7B82BA27AF100978394 /* AppDelegate.swift */,
				CA44A7BA2BA27AF100978394 /* SceneDelegate.swift */,
				CA44A7BC2BA27AF100978394 /* ViewController.swift */,
				CA44A7BE2BA27AF100978394 /* Main.storyboard */,
				CA44A7D62BA2862900978394 /* FloatingButtonContoller.swift */,
				CA44A7C12BA27AF200978394 /* Assets.xcassets */,
				CA44A7C32BA27AF200978394 /* LaunchScreen.storyboard */,
				CA44A7C62BA27AF200978394 /* Info.plist */,
				CA44A7CD2BA27B3200978394 /* add_icon_green.png */,
				CA44A7CC2BA27B3200978394 /* food1.png */,
				CA44A7CF2BA27B3200978394 /* food2.png */,
				CA44A7CE2BA27B3200978394 /* food3.png */,
				CA44A7D42BA27B4300978394 /* WeatherBG_Moon.png */,
			);
			path = FloatingButton;
			sourceTree = "<group>";
		};
/* End PBXGroup section */

/* Begin PBXNativeTarget section */
		CA44A7B42BA27AF100978394 /* FloatingButton */ = {
			isa = PBXNativeTarget;
			buildConfigurationList = CA44A7C92BA27AF200978394 /* Build configuration list for PBXNativeTarget "FloatingButton" */;
			buildPhases = (
				CA44A7B12BA27AF100978394 /* Sources */,
				CA44A7B22BA27AF100978394 /* Frameworks */,
				CA44A7B32BA27AF100978394 /* Resources */,
			);
			buildRules = (
			);
			dependencies = (
			);
			name = FloatingButton;
			productName = FloatingButton;
			productReference = CA44A7B52BA27AF100978394 /* FloatingButton.app */;
			productType = "com.apple.product-type.application";
		};
/* End PBXNativeTarget section */

/* Begin PBXProject section */
		CA44A7AD2BA27AF100978394 /* Project object */ = {
			isa = PBXProject;
			attributes = {
				BuildIndependentTargetsInParallel = 1;
				LastSwiftUpdateCheck = 1530;
				LastUpgradeCheck = 1530;
				TargetAttributes = {
					CA44A7B42BA27AF100978394 = {
						CreatedOnToolsVersion = 15.3;
					};
				};
			};
			buildConfigurationList = CA44A7B02BA27AF100978394 /* Build configuration list for PBXProject "FloatingButton" */;
			compatibilityVersion = "Xcode 14.0";
			developmentRegion = en;
			hasScannedForEncodings = 0;
			knownRegions = (
				en,
				Base,
			);
			mainGroup = CA44A7AC2BA27AF100978394;
			productRefGroup = CA44A7B62BA27AF100978394 /* Products */;
			projectDirPath = "";
			projectRoot = "";
			targets = (
				CA44A7B42BA27AF100978394 /* FloatingButton */,
			);
		};
/* End PBXProject section */

/* Begin PBXResourcesBuildPhase section */
		CA44A7B32BA27AF100978394 /* Resources */ = {
			isa = PBXResourcesBuildPhase;
			buildActionMask = 2147483647;
			files = (
				CA44A7C22BA27AF200978394 /* Assets.xcassets in Resources */,
				CA44A7D12BA27B3200978394 /* add_icon_green.png in Resources */,
				CA44A7D02BA27B3200978394 /* food1.png in Resources */,
				CA44A7D22BA27B3200978394 /* food3.png in Resources */,
				CA44A7C52BA27AF200978394 /* Base in Resources */,
				CA44A7D32BA27B3200978394 /* food2.png in Resources */,
				CA44A7D52BA27B4300978394 /* WeatherBG_Moon.png in Resources */,
				CA44A7C02BA27AF100978394 /* Base in Resources */,
			);
			runOnlyForDeploymentPostprocessing = 0;
		};
/* End PBXResourcesBuildPhase section */

/* Begin PBXSourcesBuildPhase section */
		CA44A7B12BA27AF100978394 /* Sources */ = {
			isa = PBXSourcesBuildPhase;
			buildActionMask = 2147483647;
			files = (
				CA44A7BD2BA27AF100978394 /* ViewController.swift in Sources */,
				CA44A7B92BA27AF100978394 /* AppDelegate.swift in Sources */,
				CA44A7BB2BA27AF100978394 /* SceneDelegate.swift in Sources */,
				CA44A7D72BA2862900978394 /* FloatingButtonContoller.swift in Sources */,
			);
			runOnlyForDeploymentPostprocessing = 0;
		};
/* End PBXSourcesBuildPhase section */

/* Begin PBXVariantGroup section */
		CA44A7BE2BA27AF100978394 /* Main.storyboard */ = {
			isa = PBXVariantGroup;
			children = (
				CA44A7BF2BA27AF100978394 /* Base */,
			);
			name = Main.storyboard;
			sourceTree = "<group>";
		};
		CA44A7C32BA27AF200978394 /* LaunchScreen.storyboard */ = {
			isa = PBXVariantGroup;
			children = (
				CA44A7C42BA27AF200978394 /* Base */,
			);
			name = LaunchScreen.storyboard;
			sourceTree = "<group>";
		};
/* End PBXVariantGroup section */

/* Begin XCBuildConfiguration section */
		CA44A7C72BA27AF200978394 /* Debug */ = {
			isa = XCBuildConfiguration;
			buildSettings = {
				ALWAYS_SEARCH_USER_PATHS = NO;
				ASSETCATALOG_COMPILER_GENERATE_SWIFT_ASSET_SYMBOL_EXTENSIONS = YES;
				CLANG_ANALYZER_NONNULL = YES;
				CLANG_ANALYZER_NUMBER_OBJECT_CONVERSION = YES_AGGRESSIVE;
				CLANG_CXX_LANGUAGE_STANDARD = "gnu++20";
				CLANG_ENABLE_MODULES = YES;
				CLANG_ENABLE_OBJC_ARC = YES;
				CLANG_ENABLE_OBJC_WEAK = YES;
				CLANG_WARN_BLOCK_CAPTURE_AUTORELEASING = YES;
				CLANG_WARN_BOOL_CONVERSION = YES;
				CLANG_WARN_COMMA = YES;
				CLANG_WARN_CONSTANT_CONVERSION = YES;
				CLANG_WARN_DEPRECATED_OBJC_IMPLEMENTATIONS = YES;
				CLANG_WARN_DIRECT_OBJC_ISA_USAGE = YES_ERROR;
				CLANG_WARN_DOCUMENTATION_COMMENTS = YES;
				CLANG_WARN_EMPTY_BODY = YES;
				CLANG_WARN_ENUM_CONVERSION = YES;
				CLANG_WARN_INFINITE_RECURSION = YES;
				CLANG_WARN_INT_CONVERSION = YES;
				CLANG_WARN_NON_LITERAL_NULL_CONVERSION = YES;
				CLANG_WARN_OBJC_IMPLICIT_RETAIN_SELF = YES;
				CLANG_WARN_OBJC_LITERAL_CONVERSION = YES;
				CLANG_WARN_OBJC_ROOT_CLASS = YES_ERROR;
				CLANG_WARN_QUOTED_INCLUDE_IN_FRAMEWORK_HEADER = YES;
				CLANG_WARN_RANGE_LOOP_ANALYSIS = YES;
				CLANG_WARN_STRICT_PROTOTYPES = YES;
				CLANG_WARN_SUSPICIOUS_MOVE = YES;
				CLANG_WARN_UNGUARDED_AVAILABILITY = YES_AGGRESSIVE;
				CLANG_WARN_UNREACHABLE_CODE = YES;
				CLANG_WARN__DUPLICATE_METHOD_MATCH = YES;
				COPY_PHASE_STRIP = NO;
				DEBUG_INFORMATION_FORMAT = dwarf;
				ENABLE_STRICT_OBJC_MSGSEND = YES;
				ENABLE_TESTABILITY = YES;
				ENABLE_USER_SCRIPT_SANDBOXING = YES;
				GCC_C_LANGUAGE_STANDARD = gnu17;
				GCC_DYNAMIC_NO_PIC = NO;
				GCC_NO_COMMON_BLOCKS = YES;
				GCC_OPTIMIZATION_LEVEL = 0;
				GCC_PREPROCESSOR_DEFINITIONS = (
					"DEBUG=1",
					"$(inherited)",
				);
				GCC_WARN_64_TO_32_BIT_CONVERSION = YES;
				GCC_WARN_ABOUT_RETURN_TYPE = YES_ERROR;
				GCC_WARN_UNDECLARED_SELECTOR = YES;
				GCC_WARN_UNINITIALIZED_AUTOS = YES_AGGRESSIVE;
				GCC_WARN_UNUSED_FUNCTION = YES;
				GCC_WARN_UNUSED_VARIABLE = YES;
				IPHONEOS_DEPLOYMENT_TARGET = 15.0;
				LOCALIZATION_PREFERS_STRING_CATALOGS = YES;
				MTL_ENABLE_DEBUG_INFO = INCLUDE_SOURCE;
				MTL_FAST_MATH = YES;
				ONLY_ACTIVE_ARCH = YES;
				SDKROOT = iphoneos;
				SWIFT_ACTIVE_COMPILATION_CONDITIONS = "DEBUG $(inherited)";
				SWIFT_OPTIMIZATION_LEVEL = "-Onone";
			};
			name = Debug;
		};
		CA44A7C82BA27AF200978394 /* Release */ = {
			isa = XCBuildConfiguration;
			buildSettings = {
				ALWAYS_SEARCH_USER_PATHS = NO;
				ASSETCATALOG_COMPILER_GENERATE_SWIFT_ASSET_SYMBOL_EXTENSIONS = YES;
				CLANG_ANALYZER_NONNULL = YES;
				CLANG_ANALYZER_NUMBER_OBJECT_CONVERSION = YES_AGGRESSIVE;
				CLANG_CXX_LANGUAGE_STANDARD = "gnu++20";
				CLANG_ENABLE_MODULES = YES;
				CLANG_ENABLE_OBJC_ARC = YES;
				CLANG_ENABLE_OBJC_WEAK = YES;
				CLANG_WARN_BLOCK_CAPTURE_AUTORELEASING = YES;
				CLANG_WARN_BOOL_CONVERSION = YES;
				CLANG_WARN_COMMA = YES;
				CLANG_WARN_CONSTANT_CONVERSION = YES;
				CLANG_WARN_DEPRECATED_OBJC_IMPLEMENTATIONS = YES;
				CLANG_WARN_DIRECT_OBJC_ISA_USAGE = YES_ERROR;
				CLANG_WARN_DOCUMENTATION_COMMENTS = YES;
				CLANG_WARN_EMPTY_BODY = YES;
				CLANG_WARN_ENUM_CONVERSION = YES;
				CLANG_WARN_INFINITE_RECURSION = YES;
				CLANG_WARN_INT_CONVERSION = YES;
				CLANG_WARN_NON_LITERAL_NULL_CONVERSION = YES;
				CLANG_WARN_OBJC_IMPLICIT_RETAIN_SELF = YES;
				CLANG_WARN_OBJC_LITERAL_CONVERSION = YES;
				CLANG_WARN_OBJC_ROOT_CLASS = YES_ERROR;
				CLANG_WARN_QUOTED_INCLUDE_IN_FRAMEWORK_HEADER = YES;
				CLANG_WARN_RANGE_LOOP_ANALYSIS = YES;
				CLANG_WARN_STRICT_PROTOTYPES = YES;
				CLANG_WARN_SUSPICIOUS_MOVE = YES;
				CLANG_WARN_UNGUARDED_AVAILABILITY = YES_AGGRESSIVE;
				CLANG_WARN_UNREACHABLE_CODE = YES;
				CLANG_WARN__DUPLICATE_METHOD_MATCH = YES;
				COPY_PHASE_STRIP = NO;
				DEBUG_INFORMATION_FORMAT = "dwarf-with-dsym";
				ENABLE_NS_ASSERTIONS = NO;
				ENABLE_STRICT_OBJC_MSGSEND = YES;
				ENABLE_USER_SCRIPT_SANDBOXING = YES;
				GCC_C_LANGUAGE_STANDARD = gnu17;
				GCC_NO_COMMON_BLOCKS = YES;
				GCC_WARN_64_TO_32_BIT_CONVERSION = YES;
				GCC_WARN_ABOUT_RETURN_TYPE = YES_ERROR;
				GCC_WARN_UNDECLARED_SELECTOR = YES;
				GCC_WARN_UNINITIALIZED_AUTOS = YES_AGGRESSIVE;
				GCC_WARN_UNUSED_FUNCTION = YES;
				GCC_WARN_UNUSED_VARIABLE = YES;
				IPHONEOS_DEPLOYMENT_TARGET = 15.0;
				LOCALIZATION_PREFERS_STRING_CATALOGS = YES;
				MTL_ENABLE_DEBUG_INFO = NO;
				MTL_FAST_MATH = YES;
				SDKROOT = iphoneos;
				SWIFT_COMPILATION_MODE = wholemodule;
				VALIDATE_PRODUCT = YES;
			};
			name = Release;
		};
		CA44A7CA2BA27AF200978394 /* Debug */ = {
			isa = XCBuildConfiguration;
			buildSettings = {
				ASSETCATALOG_COMPILER_APPICON_NAME = AppIcon;
				ASSETCATALOG_COMPILER_GLOBAL_ACCENT_COLOR_NAME = AccentColor;
				CODE_SIGN_STYLE = Automatic;
				CURRENT_PROJECT_VERSION = 1;
				DEVELOPMENT_TEAM = QK56G4MSM3;
				GENERATE_INFOPLIST_FILE = YES;
				INFOPLIST_FILE = FloatingButton/Info.plist;
				INFOPLIST_KEY_UIApplicationSupportsIndirectInputEvents = YES;
				INFOPLIST_KEY_UILaunchStoryboardName = LaunchScreen;
				INFOPLIST_KEY_UIMainStoryboardFile = Main;
				INFOPLIST_KEY_UISupportedInterfaceOrientations_iPad = "UIInterfaceOrientationPortrait UIInterfaceOrientationPortraitUpsideDown UIInterfaceOrientationLandscapeLeft UIInterfaceOrientationLandscapeRight";
				INFOPLIST_KEY_UISupportedInterfaceOrientations_iPhone = "UIInterfaceOrientationPortrait UIInterfaceOrientationLandscapeLeft UIInterfaceOrientationLandscapeRight";
				IPHONEOS_DEPLOYMENT_TARGET = 15.0;
				LD_RUNPATH_SEARCH_PATHS = (
					"$(inherited)",
					"@executable_path/Frameworks",
				);
				MARKETING_VERSION = 1.0;
				PRODUCT_BUNDLE_IDENTIFIER = com.bakubaku.FloatingButton;
				PRODUCT_NAME = "$(TARGET_NAME)";
				SWIFT_EMIT_LOC_STRINGS = YES;
				SWIFT_VERSION = 5.0;
				TARGETED_DEVICE_FAMILY = "1,2";
			};
			name = Debug;
		};
		CA44A7CB2BA27AF200978394 /* Release */ = {
			isa = XCBuildConfiguration;
			buildSettings = {
				ASSETCATALOG_COMPILER_APPICON_NAME = AppIcon;
				ASSETCATALOG_COMPILER_GLOBAL_ACCENT_COLOR_NAME = AccentColor;
				CODE_SIGN_STYLE = Automatic;
				CURRENT_PROJECT_VERSION = 1;
				DEVELOPMENT_TEAM = QK56G4MSM3;
				GENERATE_INFOPLIST_FILE = YES;
				INFOPLIST_FILE = FloatingButton/Info.plist;
				INFOPLIST_KEY_UIApplicationSupportsIndirectInputEvents = YES;
				INFOPLIST_KEY_UILaunchStoryboardName = LaunchScreen;
				INFOPLIST_KEY_UIMainStoryboardFile = Main;
				INFOPLIST_KEY_UISupportedInterfaceOrientations_iPad = "UIInterfaceOrientationPortrait UIInterfaceOrientationPortraitUpsideDown UIInterfaceOrientationLandscapeLeft UIInterfaceOrientationLandscapeRight";
				INFOPLIST_KEY_UISupportedInterfaceOrientations_iPhone = "UIInterfaceOrientationPortrait UIInterfaceOrientationLandscapeLeft UIInterfaceOrientationLandscapeRight";
				IPHONEOS_DEPLOYMENT_TARGET = 15.0;
				LD_RUNPATH_SEARCH_PATHS = (
					"$(inherited)",
					"@executable_path/Frameworks",
				);
				MARKETING_VERSION = 1.0;
				PRODUCT_BUNDLE_IDENTIFIER = com.bakubaku.FloatingButton;
				PRODUCT_NAME = "$(TARGET_NAME)";
				SWIFT_EMIT_LOC_STRINGS = YES;
				SWIFT_VERSION = 5.0;
				TARGETED_DEVICE_FAMILY = "1,2";
			};
			name = Release;
		};
/* End XCBuildConfiguration section */

/* Begin XCConfigurationList section */
		CA44A7B02BA27AF100978394 /* Build configuration list for PBXProject "FloatingButton" */ = {
			isa = XCConfigurationList;
			buildConfigurations = (
				CA44A7C72BA27AF200978394 /* Debug */,
				CA44A7C82BA27AF200978394 /* Release */,
			);
			defaultConfigurationIsVisible = 0;
			defaultConfigurationName = Release;
		};
		CA44A7C92BA27AF200978394 /* Build configuration list for PBXNativeTarget "FloatingButton" */ = {
			isa = XCConfigurationList;
			buildConfigurations = (
				CA44A7CA2BA27AF200978394 /* Debug */,
				CA44A7CB2BA27AF200978394 /* Release */,
			);
			defaultConfigurationIsVisible = 0;
			defaultConfigurationName = Release;
		};
/* End XCConfigurationList section */
	};
	rootObject = CA44A7AD2BA27AF100978394 /* Project object */;
}
